// !$*UTF8*$!
{
	archiveVersion = 1;
	classes = {
	};
	objectVersion = 52;
	objects = {

/* Begin PBXBuildFile section */
		280BEFB1274B1CB400F031A7 /* UISegmentedControl+Extension.swift in Sources */ = {isa = PBXBuildFile; fileRef = 280BEFB0274B1CB400F031A7 /* UISegmentedControl+Extension.swift */; };
		280BEFB3274B1CD400F031A7 /* UIImage+Extension.swift in Sources */ = {isa = PBXBuildFile; fileRef = 280BEFB2274B1CD400F031A7 /* UIImage+Extension.swift */; };
		280BEFB5274B224500F031A7 /* ReusableView.swift in Sources */ = {isa = PBXBuildFile; fileRef = 280BEFB4274B224500F031A7 /* ReusableView.swift */; };
		280BEFB7274B226C00F031A7 /* UITableView+Extension.swift in Sources */ = {isa = PBXBuildFile; fileRef = 280BEFB6274B226C00F031A7 /* UITableView+Extension.swift */; };
		280BEFB9274B2F7100F031A7 /* NibLoadableView.swift in Sources */ = {isa = PBXBuildFile; fileRef = 280BEFB8274B2F7100F031A7 /* NibLoadableView.swift */; };
		280BEFBB274B319500F031A7 /* PolicyBookmarkTable.storyboard in Resources */ = {isa = PBXBuildFile; fileRef = 280BEFBA274B319500F031A7 /* PolicyBookmarkTable.storyboard */; };
		280BEFBD274B31B700F031A7 /* CommuntiyBookmarkTable.storyboard in Resources */ = {isa = PBXBuildFile; fileRef = 280BEFBC274B31B700F031A7 /* CommuntiyBookmarkTable.storyboard */; };
		280BEFBF274B647900F031A7 /* GoogleService-Info.plist in Resources */ = {isa = PBXBuildFile; fileRef = 280BEFBE274B647900F031A7 /* GoogleService-Info.plist */; };
		280BEFC2274B65F100F031A7 /* FirebaseAnalytics in Frameworks */ = {isa = PBXBuildFile; productRef = 280BEFC1274B65F100F031A7 /* FirebaseAnalytics */; };
		280BEFC4274B65F100F031A7 /* FirebaseAnalyticsSwift-Beta in Frameworks */ = {isa = PBXBuildFile; productRef = 280BEFC3274B65F100F031A7 /* FirebaseAnalyticsSwift-Beta */; };
		280BEFC6274B65F100F031A7 /* FirebaseAnalyticsWithoutAdIdSupport in Frameworks */ = {isa = PBXBuildFile; productRef = 280BEFC5274B65F100F031A7 /* FirebaseAnalyticsWithoutAdIdSupport */; };
		280BEFC8274B65F100F031A7 /* FirebaseStorage in Frameworks */ = {isa = PBXBuildFile; productRef = 280BEFC7274B65F100F031A7 /* FirebaseStorage */; };
		280BEFCA274B65F100F031A7 /* FirebaseStorageSwift-Beta in Frameworks */ = {isa = PBXBuildFile; productRef = 280BEFC9274B65F100F031A7 /* FirebaseStorageSwift-Beta */; };
		280BEFCD274B7B9400F031A7 /* Kingfisher in Frameworks */ = {isa = PBXBuildFile; productRef = 280BEFCC274B7B9400F031A7 /* Kingfisher */; };
		280BEFCF274B7DA600F031A7 /* StorageService.swift in Sources */ = {isa = PBXBuildFile; fileRef = 280BEFCE274B7DA600F031A7 /* StorageService.swift */; };
		280BEFD1274B7E2400F031A7 /* UIImageView+Extension.swift in Sources */ = {isa = PBXBuildFile; fileRef = 280BEFD0274B7E2400F031A7 /* UIImageView+Extension.swift */; };
		280BEFD3274BA22E00F031A7 /* CanShowDetailView.swift in Sources */ = {isa = PBXBuildFile; fileRef = 280BEFD2274BA22E00F031A7 /* CanShowDetailView.swift */; };
		280BEFD5274BA35900F031A7 /* DetailViewController.swift in Sources */ = {isa = PBXBuildFile; fileRef = 280BEFD4274BA35900F031A7 /* DetailViewController.swift */; };
		280BEFD7274BA60D00F031A7 /* CommunityMainViewController.swift in Sources */ = {isa = PBXBuildFile; fileRef = 280BEFD6274BA60D00F031A7 /* CommunityMainViewController.swift */; };
		28492612273BF9E000FA2072 /* SettingWebViewController.swift in Sources */ = {isa = PBXBuildFile; fileRef = 28492611273BF9E000FA2072 /* SettingWebViewController.swift */; };
		28492614273F666F00FA2072 /* InfoBaseTableViewController.swift in Sources */ = {isa = PBXBuildFile; fileRef = 28492613273F666F00FA2072 /* InfoBaseTableViewController.swift */; };
		285209722752243800AB8BAC /* Dimmable.swift in Sources */ = {isa = PBXBuildFile; fileRef = 285209712752243800AB8BAC /* Dimmable.swift */; };
		2852097427522C1300AB8BAC /* PresentationController.swift in Sources */ = {isa = PBXBuildFile; fileRef = 2852097327522C1300AB8BAC /* PresentationController.swift */; };
		28520976275261F200AB8BAC /* CollectionViewCellPresentationController.swift in Sources */ = {isa = PBXBuildFile; fileRef = 28520975275261F200AB8BAC /* CollectionViewCellPresentationController.swift */; };
		285209782752646D00AB8BAC /* PopAnimator.swift in Sources */ = {isa = PBXBuildFile; fileRef = 285209772752646D00AB8BAC /* PopAnimator.swift */; };
		28552F10274009A90028D363 /* UIView+Extension.swift in Sources */ = {isa = PBXBuildFile; fileRef = 28552F0F274009A90028D363 /* UIView+Extension.swift */; };
		28552F12274017820028D363 /* UITextfield+Extension.swift in Sources */ = {isa = PBXBuildFile; fileRef = 28552F11274017820028D363 /* UITextfield+Extension.swift */; };
		288ED75A27427CC200C5178D /* BookmarkList.storyboard in Resources */ = {isa = PBXBuildFile; fileRef = 288ED75927427CC200C5178D /* BookmarkList.storyboard */; };
		288ED75C27427CD000C5178D /* BookmarkListViewController.swift in Sources */ = {isa = PBXBuildFile; fileRef = 288ED75B27427CD000C5178D /* BookmarkListViewController.swift */; };
		288ED76027427D5800C5178D /* ListTableViewCell.swift in Sources */ = {isa = PBXBuildFile; fileRef = 288ED75E27427D5800C5178D /* ListTableViewCell.swift */; };
		288ED76127427D5800C5178D /* ListTableViewCell.xib in Resources */ = {isa = PBXBuildFile; fileRef = 288ED75F27427D5800C5178D /* ListTableViewCell.xib */; };
		288ED7632742865800C5178D /* SimpleListModel.swift in Sources */ = {isa = PBXBuildFile; fileRef = 288ED7622742865800C5178D /* SimpleListModel.swift */; };
		288ED7652742870E00C5178D /* Date+Extension.swift in Sources */ = {isa = PBXBuildFile; fileRef = 288ED7642742870E00C5178D /* Date+Extension.swift */; };
		288ED76727428C0A00C5178D /* CommuntiyBookmarkTableViewController.swift in Sources */ = {isa = PBXBuildFile; fileRef = 288ED76627428C0A00C5178D /* CommuntiyBookmarkTableViewController.swift */; };
		288ED76927428C1E00C5178D /* PolicyBookmarkTableViewController.swift in Sources */ = {isa = PBXBuildFile; fileRef = 288ED76827428C1E00C5178D /* PolicyBookmarkTableViewController.swift */; };
		288ED76B27428C6F00C5178D /* BookmarkPageViewController.swift in Sources */ = {isa = PBXBuildFile; fileRef = 288ED76A27428C6F00C5178D /* BookmarkPageViewController.swift */; };
		289B361A274F40DC00535B2E /* RecommendCollectionViewCell.swift in Sources */ = {isa = PBXBuildFile; fileRef = 289B3618274F40DC00535B2E /* RecommendCollectionViewCell.swift */; };
		289B361D274F58E300535B2E /* RecommendSimpleData.swift in Sources */ = {isa = PBXBuildFile; fileRef = 289B361C274F58E300535B2E /* RecommendSimpleData.swift */; };
		289B361F274F5CEC00535B2E /* simpleContent.swift in Sources */ = {isa = PBXBuildFile; fileRef = 289B361E274F5CEC00535B2E /* simpleContent.swift */; };
		289B3621274F5DBB00535B2E /* simpleContentContainer.swift in Sources */ = {isa = PBXBuildFile; fileRef = 289B3620274F5DBB00535B2E /* simpleContentContainer.swift */; };
		289B3623274FA81200535B2E /* UICollectionView+Extension.swift in Sources */ = {isa = PBXBuildFile; fileRef = 289B3622274FA81200535B2E /* UICollectionView+Extension.swift */; };
		28B49141274BB12C002BA67A /* DeviceGroup.swift in Sources */ = {isa = PBXBuildFile; fileRef = 28B49140274BB12C002BA67A /* DeviceGroup.swift */; };
		28B49143274BB160002BA67A /* DeviceManager.swift in Sources */ = {isa = PBXBuildFile; fileRef = 28B49142274BB160002BA67A /* DeviceManager.swift */; };
		28B49145274BB9B1002BA67A /* KeyboardScrollable.swift in Sources */ = {isa = PBXBuildFile; fileRef = 28B49144274BB9B1002BA67A /* KeyboardScrollable.swift */; };
		28B49147274BBA45002BA67A /* Scrollable.swift in Sources */ = {isa = PBXBuildFile; fileRef = 28B49146274BBA45002BA67A /* Scrollable.swift */; };
		28B49149274BBC47002BA67A /* TableViewGappable.swift in Sources */ = {isa = PBXBuildFile; fileRef = 28B49148274BBC47002BA67A /* TableViewGappable.swift */; };
		28F4713F2738A4020074D148 /* TabBar.swift in Sources */ = {isa = PBXBuildFile; fileRef = 28F4713E2738A4020074D148 /* TabBar.swift */; };
		28F471412738B3090074D148 /* HomeMainViewController.swift in Sources */ = {isa = PBXBuildFile; fileRef = 28F471402738B3090074D148 /* HomeMainViewController.swift */; };
		28F471432738B31E0074D148 /* DiaryMainViewController.swift in Sources */ = {isa = PBXBuildFile; fileRef = 28F471422738B31E0074D148 /* DiaryMainViewController.swift */; };
		28F471452738B8D10074D148 /* PolicyMainViewController.swift in Sources */ = {isa = PBXBuildFile; fileRef = 28F471442738B8D10074D148 /* PolicyMainViewController.swift */; };
		28F471472738B8DC0074D148 /* MyInfoMainViewController.swift in Sources */ = {isa = PBXBuildFile; fileRef = 28F471462738B8DC0074D148 /* MyInfoMainViewController.swift */; };
		28F4714E2738F67A0074D148 /* HomeMain.storyboard in Resources */ = {isa = PBXBuildFile; fileRef = 28F4714D2738F67A0074D148 /* HomeMain.storyboard */; };
		28F47150273912220074D148 /* RecommendModalViewController.swift in Sources */ = {isa = PBXBuildFile; fileRef = 28F4714F273912220074D148 /* RecommendModalViewController.swift */; };
		28F47158273BE0780074D148 /* MyInfoMain.storyboard in Resources */ = {isa = PBXBuildFile; fileRef = 28F47157273BE0780074D148 /* MyInfoMain.storyboard */; };
		28F4715A273BE3D90074D148 /* MyActivity.storyboard in Resources */ = {isa = PBXBuildFile; fileRef = 28F47159273BE3D90074D148 /* MyActivity.storyboard */; };
		28F4715C273BE3E90074D148 /* MyActivityViewController.swift in Sources */ = {isa = PBXBuildFile; fileRef = 28F4715B273BE3E90074D148 /* MyActivityViewController.swift */; };
		28F4715E273BE4620074D148 /* MySetting.storyboard in Resources */ = {isa = PBXBuildFile; fileRef = 28F4715D273BE4620074D148 /* MySetting.storyboard */; };
		28F47160273BE4700074D148 /* MySettingViewController.swift in Sources */ = {isa = PBXBuildFile; fileRef = 28F4715F273BE4700074D148 /* MySettingViewController.swift */; };
		28F47162273BE5480074D148 /* MyInfoEditViewController.swift in Sources */ = {isa = PBXBuildFile; fileRef = 28F47161273BE5480074D148 /* MyInfoEditViewController.swift */; };
		28F47164273BE5500074D148 /* MyInfoEdit.storyboard in Resources */ = {isa = PBXBuildFile; fileRef = 28F47163273BE5500074D148 /* MyInfoEdit.storyboard */; };
		28F47166273BE6FE0074D148 /* MyBabyInfo.storyboard in Resources */ = {isa = PBXBuildFile; fileRef = 28F47165273BE6FE0074D148 /* MyBabyInfo.storyboard */; };
		28F47168273BE7150074D148 /* MyBabyInfoViewController.swift in Sources */ = {isa = PBXBuildFile; fileRef = 28F47167273BE7150074D148 /* MyBabyInfoViewController.swift */; };
		28FEC6342712C11A00C10B32 /* StoryboardInstantiable.swift in Sources */ = {isa = PBXBuildFile; fileRef = 28FEC6332712C11A00C10B32 /* StoryboardInstantiable.swift */; };
		28FEC6362712C15B00C10B32 /* NibInstantiatable.swift in Sources */ = {isa = PBXBuildFile; fileRef = 28FEC6352712C15B00C10B32 /* NibInstantiatable.swift */; };
		6FF7CCABF915F7BACA19704F /* Pods_MOMO.framework in Frameworks */ = {isa = PBXBuildFile; fileRef = 218D8A3CE6B6EDDF0DB7962F /* Pods_MOMO.framework */; };
		DD1356FA270B526B003BAB4A /* swiftgen.yml in Resources */ = {isa = PBXBuildFile; fileRef = DD1356F9270B526A003BAB4A /* swiftgen.yml */; };
		DD135701270B5E53003BAB4A /* XCAssets+Generated.swift in Sources */ = {isa = PBXBuildFile; fileRef = DD135700270B5E53003BAB4A /* XCAssets+Generated.swift */; };
		DD43E8C2270B4A2100699DA1 /* AppDelegate.swift in Sources */ = {isa = PBXBuildFile; fileRef = DD43E8C1270B4A2100699DA1 /* AppDelegate.swift */; };
		DD43E8C4270B4A2100699DA1 /* SceneDelegate.swift in Sources */ = {isa = PBXBuildFile; fileRef = DD43E8C3270B4A2100699DA1 /* SceneDelegate.swift */; };
		DD43E8CB270B4A2300699DA1 /* Assets.xcassets in Resources */ = {isa = PBXBuildFile; fileRef = DD43E8CA270B4A2300699DA1 /* Assets.xcassets */; };
		DD43E8CE270B4A2300699DA1 /* LaunchScreen.storyboard in Resources */ = {isa = PBXBuildFile; fileRef = DD43E8CC270B4A2300699DA1 /* LaunchScreen.storyboard */; };
		DD43E8DF270B4C0100699DA1 /* Colors.xcassets in Resources */ = {isa = PBXBuildFile; fileRef = DD43E8DE270B4C0100699DA1 /* Colors.xcassets */; };
		DD43E8E1270B4E3500699DA1 /* MomoBaseTextField.swift in Sources */ = {isa = PBXBuildFile; fileRef = DD43E8E0270B4E3500699DA1 /* MomoBaseTextField.swift */; };
		DD43E8E3270B4E5100699DA1 /* MomoBaseSearchField.swift in Sources */ = {isa = PBXBuildFile; fileRef = DD43E8E2270B4E5100699DA1 /* MomoBaseSearchField.swift */; };
/* End PBXBuildFile section */

/* Begin PBXFileReference section */
		218D8A3CE6B6EDDF0DB7962F /* Pods_MOMO.framework */ = {isa = PBXFileReference; explicitFileType = wrapper.framework; includeInIndex = 0; path = Pods_MOMO.framework; sourceTree = BUILT_PRODUCTS_DIR; };
		280BEFB0274B1CB400F031A7 /* UISegmentedControl+Extension.swift */ = {isa = PBXFileReference; lastKnownFileType = sourcecode.swift; path = "UISegmentedControl+Extension.swift"; sourceTree = "<group>"; };
		280BEFB2274B1CD400F031A7 /* UIImage+Extension.swift */ = {isa = PBXFileReference; lastKnownFileType = sourcecode.swift; path = "UIImage+Extension.swift"; sourceTree = "<group>"; };
		280BEFB4274B224500F031A7 /* ReusableView.swift */ = {isa = PBXFileReference; lastKnownFileType = sourcecode.swift; path = ReusableView.swift; sourceTree = "<group>"; };
		280BEFB6274B226C00F031A7 /* UITableView+Extension.swift */ = {isa = PBXFileReference; lastKnownFileType = sourcecode.swift; path = "UITableView+Extension.swift"; sourceTree = "<group>"; };
		280BEFB8274B2F7100F031A7 /* NibLoadableView.swift */ = {isa = PBXFileReference; lastKnownFileType = sourcecode.swift; path = NibLoadableView.swift; sourceTree = "<group>"; };
		280BEFBA274B319500F031A7 /* PolicyBookmarkTable.storyboard */ = {isa = PBXFileReference; lastKnownFileType = file.storyboard; path = PolicyBookmarkTable.storyboard; sourceTree = "<group>"; };
		280BEFBC274B31B700F031A7 /* CommuntiyBookmarkTable.storyboard */ = {isa = PBXFileReference; lastKnownFileType = file.storyboard; path = CommuntiyBookmarkTable.storyboard; sourceTree = "<group>"; };
		280BEFBE274B647900F031A7 /* GoogleService-Info.plist */ = {isa = PBXFileReference; fileEncoding = 4; lastKnownFileType = text.plist.xml; path = "GoogleService-Info.plist"; sourceTree = "<group>"; };
		280BEFCE274B7DA600F031A7 /* StorageService.swift */ = {isa = PBXFileReference; lastKnownFileType = sourcecode.swift; path = StorageService.swift; sourceTree = "<group>"; };
		280BEFD0274B7E2400F031A7 /* UIImageView+Extension.swift */ = {isa = PBXFileReference; lastKnownFileType = sourcecode.swift; path = "UIImageView+Extension.swift"; sourceTree = "<group>"; };
		280BEFD2274BA22E00F031A7 /* CanShowDetailView.swift */ = {isa = PBXFileReference; lastKnownFileType = sourcecode.swift; path = CanShowDetailView.swift; sourceTree = "<group>"; };
		280BEFD4274BA35900F031A7 /* DetailViewController.swift */ = {isa = PBXFileReference; lastKnownFileType = sourcecode.swift; path = DetailViewController.swift; sourceTree = "<group>"; };
		280BEFD6274BA60D00F031A7 /* CommunityMainViewController.swift */ = {isa = PBXFileReference; lastKnownFileType = sourcecode.swift; path = CommunityMainViewController.swift; sourceTree = "<group>"; };
		28492611273BF9E000FA2072 /* SettingWebViewController.swift */ = {isa = PBXFileReference; lastKnownFileType = sourcecode.swift; path = SettingWebViewController.swift; sourceTree = "<group>"; };
		28492613273F666F00FA2072 /* InfoBaseTableViewController.swift */ = {isa = PBXFileReference; lastKnownFileType = sourcecode.swift; path = InfoBaseTableViewController.swift; sourceTree = "<group>"; };
		285209712752243800AB8BAC /* Dimmable.swift */ = {isa = PBXFileReference; lastKnownFileType = sourcecode.swift; path = Dimmable.swift; sourceTree = "<group>"; };
		2852097327522C1300AB8BAC /* PresentationController.swift */ = {isa = PBXFileReference; lastKnownFileType = sourcecode.swift; path = PresentationController.swift; sourceTree = "<group>"; };
		28520975275261F200AB8BAC /* CollectionViewCellPresentationController.swift */ = {isa = PBXFileReference; lastKnownFileType = sourcecode.swift; path = CollectionViewCellPresentationController.swift; sourceTree = "<group>"; };
		285209772752646D00AB8BAC /* PopAnimator.swift */ = {isa = PBXFileReference; lastKnownFileType = sourcecode.swift; path = PopAnimator.swift; sourceTree = "<group>"; };
		28552F0F274009A90028D363 /* UIView+Extension.swift */ = {isa = PBXFileReference; lastKnownFileType = sourcecode.swift; path = "UIView+Extension.swift"; sourceTree = "<group>"; };
		28552F11274017820028D363 /* UITextfield+Extension.swift */ = {isa = PBXFileReference; lastKnownFileType = sourcecode.swift; path = "UITextfield+Extension.swift"; sourceTree = "<group>"; };
		288ED75927427CC200C5178D /* BookmarkList.storyboard */ = {isa = PBXFileReference; lastKnownFileType = file.storyboard; path = BookmarkList.storyboard; sourceTree = "<group>"; };
		288ED75B27427CD000C5178D /* BookmarkListViewController.swift */ = {isa = PBXFileReference; lastKnownFileType = sourcecode.swift; path = BookmarkListViewController.swift; sourceTree = "<group>"; };
		288ED75E27427D5800C5178D /* ListTableViewCell.swift */ = {isa = PBXFileReference; lastKnownFileType = sourcecode.swift; path = ListTableViewCell.swift; sourceTree = "<group>"; };
		288ED75F27427D5800C5178D /* ListTableViewCell.xib */ = {isa = PBXFileReference; lastKnownFileType = file.xib; path = ListTableViewCell.xib; sourceTree = "<group>"; };
		288ED7622742865800C5178D /* SimpleListModel.swift */ = {isa = PBXFileReference; lastKnownFileType = sourcecode.swift; path = SimpleListModel.swift; sourceTree = "<group>"; };
		288ED7642742870E00C5178D /* Date+Extension.swift */ = {isa = PBXFileReference; lastKnownFileType = sourcecode.swift; path = "Date+Extension.swift"; sourceTree = "<group>"; };
		288ED76627428C0A00C5178D /* CommuntiyBookmarkTableViewController.swift */ = {isa = PBXFileReference; lastKnownFileType = sourcecode.swift; path = CommuntiyBookmarkTableViewController.swift; sourceTree = "<group>"; };
		288ED76827428C1E00C5178D /* PolicyBookmarkTableViewController.swift */ = {isa = PBXFileReference; lastKnownFileType = sourcecode.swift; path = PolicyBookmarkTableViewController.swift; sourceTree = "<group>"; };
		288ED76A27428C6F00C5178D /* BookmarkPageViewController.swift */ = {isa = PBXFileReference; lastKnownFileType = sourcecode.swift; path = BookmarkPageViewController.swift; sourceTree = "<group>"; };
		289B3618274F40DC00535B2E /* RecommendCollectionViewCell.swift */ = {isa = PBXFileReference; lastKnownFileType = sourcecode.swift; path = RecommendCollectionViewCell.swift; sourceTree = "<group>"; };
		289B361C274F58E300535B2E /* RecommendSimpleData.swift */ = {isa = PBXFileReference; lastKnownFileType = sourcecode.swift; path = RecommendSimpleData.swift; sourceTree = "<group>"; };
		289B361E274F5CEC00535B2E /* simpleContent.swift */ = {isa = PBXFileReference; lastKnownFileType = sourcecode.swift; path = simpleContent.swift; sourceTree = "<group>"; };
		289B3620274F5DBB00535B2E /* simpleContentContainer.swift */ = {isa = PBXFileReference; lastKnownFileType = sourcecode.swift; path = simpleContentContainer.swift; sourceTree = "<group>"; };
		289B3622274FA81200535B2E /* UICollectionView+Extension.swift */ = {isa = PBXFileReference; lastKnownFileType = sourcecode.swift; path = "UICollectionView+Extension.swift"; sourceTree = "<group>"; };
		28B49140274BB12C002BA67A /* DeviceGroup.swift */ = {isa = PBXFileReference; lastKnownFileType = sourcecode.swift; path = DeviceGroup.swift; sourceTree = "<group>"; };
		28B49142274BB160002BA67A /* DeviceManager.swift */ = {isa = PBXFileReference; lastKnownFileType = sourcecode.swift; path = DeviceManager.swift; sourceTree = "<group>"; };
		28B49144274BB9B1002BA67A /* KeyboardScrollable.swift */ = {isa = PBXFileReference; lastKnownFileType = sourcecode.swift; path = KeyboardScrollable.swift; sourceTree = "<group>"; };
		28B49146274BBA45002BA67A /* Scrollable.swift */ = {isa = PBXFileReference; lastKnownFileType = sourcecode.swift; path = Scrollable.swift; sourceTree = "<group>"; };
		28B49148274BBC47002BA67A /* TableViewGappable.swift */ = {isa = PBXFileReference; lastKnownFileType = sourcecode.swift; path = TableViewGappable.swift; sourceTree = "<group>"; };
		28F4713E2738A4020074D148 /* TabBar.swift */ = {isa = PBXFileReference; lastKnownFileType = sourcecode.swift; path = TabBar.swift; sourceTree = "<group>"; };
		28F471402738B3090074D148 /* HomeMainViewController.swift */ = {isa = PBXFileReference; lastKnownFileType = sourcecode.swift; path = HomeMainViewController.swift; sourceTree = "<group>"; };
		28F471422738B31E0074D148 /* DiaryMainViewController.swift */ = {isa = PBXFileReference; lastKnownFileType = sourcecode.swift; path = DiaryMainViewController.swift; sourceTree = "<group>"; };
		28F471442738B8D10074D148 /* PolicyMainViewController.swift */ = {isa = PBXFileReference; lastKnownFileType = sourcecode.swift; path = PolicyMainViewController.swift; sourceTree = "<group>"; };
		28F471462738B8DC0074D148 /* MyInfoMainViewController.swift */ = {isa = PBXFileReference; lastKnownFileType = sourcecode.swift; path = MyInfoMainViewController.swift; sourceTree = "<group>"; };
		28F4714D2738F67A0074D148 /* HomeMain.storyboard */ = {isa = PBXFileReference; lastKnownFileType = file.storyboard; path = HomeMain.storyboard; sourceTree = "<group>"; };
		28F4714F273912220074D148 /* RecommendModalViewController.swift */ = {isa = PBXFileReference; lastKnownFileType = sourcecode.swift; path = RecommendModalViewController.swift; sourceTree = "<group>"; };
		28F47157273BE0780074D148 /* MyInfoMain.storyboard */ = {isa = PBXFileReference; lastKnownFileType = file.storyboard; path = MyInfoMain.storyboard; sourceTree = "<group>"; };
		28F47159273BE3D90074D148 /* MyActivity.storyboard */ = {isa = PBXFileReference; lastKnownFileType = file.storyboard; path = MyActivity.storyboard; sourceTree = "<group>"; };
		28F4715B273BE3E90074D148 /* MyActivityViewController.swift */ = {isa = PBXFileReference; lastKnownFileType = sourcecode.swift; path = MyActivityViewController.swift; sourceTree = "<group>"; };
		28F4715D273BE4620074D148 /* MySetting.storyboard */ = {isa = PBXFileReference; lastKnownFileType = file.storyboard; path = MySetting.storyboard; sourceTree = "<group>"; };
		28F4715F273BE4700074D148 /* MySettingViewController.swift */ = {isa = PBXFileReference; lastKnownFileType = sourcecode.swift; path = MySettingViewController.swift; sourceTree = "<group>"; };
		28F47161273BE5480074D148 /* MyInfoEditViewController.swift */ = {isa = PBXFileReference; lastKnownFileType = sourcecode.swift; path = MyInfoEditViewController.swift; sourceTree = "<group>"; };
		28F47163273BE5500074D148 /* MyInfoEdit.storyboard */ = {isa = PBXFileReference; lastKnownFileType = file.storyboard; path = MyInfoEdit.storyboard; sourceTree = "<group>"; };
		28F47165273BE6FE0074D148 /* MyBabyInfo.storyboard */ = {isa = PBXFileReference; lastKnownFileType = file.storyboard; path = MyBabyInfo.storyboard; sourceTree = "<group>"; };
		28F47167273BE7150074D148 /* MyBabyInfoViewController.swift */ = {isa = PBXFileReference; lastKnownFileType = sourcecode.swift; path = MyBabyInfoViewController.swift; sourceTree = "<group>"; };
		28FEC6332712C11A00C10B32 /* StoryboardInstantiable.swift */ = {isa = PBXFileReference; lastKnownFileType = sourcecode.swift; path = StoryboardInstantiable.swift; sourceTree = "<group>"; };
		28FEC6352712C15B00C10B32 /* NibInstantiatable.swift */ = {isa = PBXFileReference; lastKnownFileType = sourcecode.swift; path = NibInstantiatable.swift; sourceTree = "<group>"; };
		4584A62DE06449299FBDE89F /* Pods-MOMO.debug.xcconfig */ = {isa = PBXFileReference; includeInIndex = 1; lastKnownFileType = text.xcconfig; name = "Pods-MOMO.debug.xcconfig"; path = "Target Support Files/Pods-MOMO/Pods-MOMO.debug.xcconfig"; sourceTree = "<group>"; };
		DD1356F9270B526A003BAB4A /* swiftgen.yml */ = {isa = PBXFileReference; fileEncoding = 4; lastKnownFileType = text.yaml; path = swiftgen.yml; sourceTree = "<group>"; };
		DD135700270B5E53003BAB4A /* XCAssets+Generated.swift */ = {isa = PBXFileReference; fileEncoding = 4; lastKnownFileType = sourcecode.swift; path = "XCAssets+Generated.swift"; sourceTree = "<group>"; };
		DD43E8BE270B4A2100699DA1 /* MOMO.app */ = {isa = PBXFileReference; explicitFileType = wrapper.application; includeInIndex = 0; path = MOMO.app; sourceTree = BUILT_PRODUCTS_DIR; };
		DD43E8C1270B4A2100699DA1 /* AppDelegate.swift */ = {isa = PBXFileReference; lastKnownFileType = sourcecode.swift; path = AppDelegate.swift; sourceTree = "<group>"; };
		DD43E8C3270B4A2100699DA1 /* SceneDelegate.swift */ = {isa = PBXFileReference; lastKnownFileType = sourcecode.swift; path = SceneDelegate.swift; sourceTree = "<group>"; };
		DD43E8CA270B4A2300699DA1 /* Assets.xcassets */ = {isa = PBXFileReference; lastKnownFileType = folder.assetcatalog; path = Assets.xcassets; sourceTree = "<group>"; };
		DD43E8CD270B4A2300699DA1 /* Base */ = {isa = PBXFileReference; lastKnownFileType = file.storyboard; name = Base; path = Base.lproj/LaunchScreen.storyboard; sourceTree = "<group>"; };
		DD43E8CF270B4A2300699DA1 /* Info.plist */ = {isa = PBXFileReference; lastKnownFileType = text.plist.xml; path = Info.plist; sourceTree = "<group>"; };
		DD43E8DE270B4C0100699DA1 /* Colors.xcassets */ = {isa = PBXFileReference; lastKnownFileType = folder.assetcatalog; path = Colors.xcassets; sourceTree = "<group>"; };
		DD43E8E0270B4E3500699DA1 /* MomoBaseTextField.swift */ = {isa = PBXFileReference; lastKnownFileType = sourcecode.swift; path = MomoBaseTextField.swift; sourceTree = "<group>"; };
		DD43E8E2270B4E5100699DA1 /* MomoBaseSearchField.swift */ = {isa = PBXFileReference; lastKnownFileType = sourcecode.swift; path = MomoBaseSearchField.swift; sourceTree = "<group>"; };
		DE315F7B057862286DD0C609 /* Pods-MOMO.release.xcconfig */ = {isa = PBXFileReference; includeInIndex = 1; lastKnownFileType = text.xcconfig; name = "Pods-MOMO.release.xcconfig"; path = "Target Support Files/Pods-MOMO/Pods-MOMO.release.xcconfig"; sourceTree = "<group>"; };
/* End PBXFileReference section */

/* Begin PBXFrameworksBuildPhase section */
		DD43E8BB270B4A2100699DA1 /* Frameworks */ = {
			isa = PBXFrameworksBuildPhase;
			buildActionMask = 2147483647;
			files = (
				280BEFC6274B65F100F031A7 /* FirebaseAnalyticsWithoutAdIdSupport in Frameworks */,
				6FF7CCABF915F7BACA19704F /* Pods_MOMO.framework in Frameworks */,
				280BEFC4274B65F100F031A7 /* FirebaseAnalyticsSwift-Beta in Frameworks */,
				280BEFCD274B7B9400F031A7 /* Kingfisher in Frameworks */,
				280BEFC2274B65F100F031A7 /* FirebaseAnalytics in Frameworks */,
				280BEFCA274B65F100F031A7 /* FirebaseStorageSwift-Beta in Frameworks */,
				280BEFC8274B65F100F031A7 /* FirebaseStorage in Frameworks */,
			);
			runOnlyForDeploymentPostprocessing = 0;
		};
/* End PBXFrameworksBuildPhase section */

/* Begin PBXGroup section */
		288ED75D27427D2A00C5178D /* View */ = {
			isa = PBXGroup;
			children = (
				288ED75E27427D5800C5178D /* ListTableViewCell.swift */,
				288ED75F27427D5800C5178D /* ListTableViewCell.xib */,
				289B3618274F40DC00535B2E /* RecommendCollectionViewCell.swift */,
			);
			path = View;
			sourceTree = "<group>";
		};
		28F471482738F0240074D148 /* ViewController */ = {
			isa = PBXGroup;
			children = (
				28F471402738B3090074D148 /* HomeMainViewController.swift */,
				28F4714F273912220074D148 /* RecommendModalViewController.swift */,
				288ED75B27427CD000C5178D /* BookmarkListViewController.swift */,
				288ED76627428C0A00C5178D /* CommuntiyBookmarkTableViewController.swift */,
				288ED76827428C1E00C5178D /* PolicyBookmarkTableViewController.swift */,
				288ED76A27428C6F00C5178D /* BookmarkPageViewController.swift */,
				2852097327522C1300AB8BAC /* PresentationController.swift */,
				28520975275261F200AB8BAC /* CollectionViewCellPresentationController.swift */,
			);
			path = ViewController;
			sourceTree = "<group>";
		};
		28F4714C2738F66C0074D148 /* Storyboard */ = {
			isa = PBXGroup;
			children = (
				28F4714D2738F67A0074D148 /* HomeMain.storyboard */,
				288ED75927427CC200C5178D /* BookmarkList.storyboard */,
				280BEFBA274B319500F031A7 /* PolicyBookmarkTable.storyboard */,
				280BEFBC274B31B700F031A7 /* CommuntiyBookmarkTable.storyboard */,
			);
			path = Storyboard;
			sourceTree = "<group>";
		};
		28F47155273BE0500074D148 /* Storyboard */ = {
			isa = PBXGroup;
			children = (
				28F47157273BE0780074D148 /* MyInfoMain.storyboard */,
				28F47159273BE3D90074D148 /* MyActivity.storyboard */,
				28F4715D273BE4620074D148 /* MySetting.storyboard */,
				28F47163273BE5500074D148 /* MyInfoEdit.storyboard */,
				28F47165273BE6FE0074D148 /* MyBabyInfo.storyboard */,
			);
			path = Storyboard;
			sourceTree = "<group>";
		};
		28F47156273BE05F0074D148 /* ViewController */ = {
			isa = PBXGroup;
			children = (
				28F471462738B8DC0074D148 /* MyInfoMainViewController.swift */,
				28F4715B273BE3E90074D148 /* MyActivityViewController.swift */,
				28F4715F273BE4700074D148 /* MySettingViewController.swift */,
				28F47161273BE5480074D148 /* MyInfoEditViewController.swift */,
				28F47167273BE7150074D148 /* MyBabyInfoViewController.swift */,
				28492611273BF9E000FA2072 /* SettingWebViewController.swift */,
				28492613273F666F00FA2072 /* InfoBaseTableViewController.swift */,
			);
			path = ViewController;
			sourceTree = "<group>";
		};
		4511B2DE3F3AA173043E038C /* Pods */ = {
			isa = PBXGroup;
			children = (
				4584A62DE06449299FBDE89F /* Pods-MOMO.debug.xcconfig */,
				DE315F7B057862286DD0C609 /* Pods-MOMO.release.xcconfig */,
			);
			path = Pods;
			sourceTree = "<group>";
		};
		A5209722D4DB90993D72463D /* Frameworks */ = {
			isa = PBXGroup;
			children = (
				218D8A3CE6B6EDDF0DB7962F /* Pods_MOMO.framework */,
			);
			name = Frameworks;
			sourceTree = "<group>";
		};
		DD1356FB270B53C4003BAB4A /* Generated */ = {
			isa = PBXGroup;
			children = (
				DD135700270B5E53003BAB4A /* XCAssets+Generated.swift */,
			);
			name = Generated;
			path = MOMO/Support/Generated;
			sourceTree = SOURCE_ROOT;
			usesTabs = 0;
		};
		DD43E8B5270B4A2100699DA1 = {
			isa = PBXGroup;
			children = (
				DD1356F9270B526A003BAB4A /* swiftgen.yml */,
				DD43E8C0270B4A2100699DA1 /* MOMO */,
				DD43E8BF270B4A2100699DA1 /* Products */,
				4511B2DE3F3AA173043E038C /* Pods */,
				A5209722D4DB90993D72463D /* Frameworks */,
			);
			sourceTree = "<group>";
		};
		DD43E8BF270B4A2100699DA1 /* Products */ = {
			isa = PBXGroup;
			children = (
				DD43E8BE270B4A2100699DA1 /* MOMO.app */,
			);
			name = Products;
			sourceTree = "<group>";
		};
		DD43E8C0270B4A2100699DA1 /* MOMO */ = {
			isa = PBXGroup;
			children = (
				280BEFBE274B647900F031A7 /* GoogleService-Info.plist */,
				DD43E8D7270B4B0600699DA1 /* Global */,
				DD43E8D6270B4AC800699DA1 /* Screen */,
				DD43E8D5270B4A3A00699DA1 /* Support */,
			);
			path = MOMO;
			sourceTree = "<group>";
		};
		DD43E8D5270B4A3A00699DA1 /* Support */ = {
			isa = PBXGroup;
			children = (
				DD1356FB270B53C4003BAB4A /* Generated */,
				DD43E8C3270B4A2100699DA1 /* SceneDelegate.swift */,
				DD43E8C1270B4A2100699DA1 /* AppDelegate.swift */,
				DD43E8CC270B4A2300699DA1 /* LaunchScreen.storyboard */,
				DD43E8CA270B4A2300699DA1 /* Assets.xcassets */,
				DD43E8DE270B4C0100699DA1 /* Colors.xcassets */,
				DD43E8CF270B4A2300699DA1 /* Info.plist */,
				28B49140274BB12C002BA67A /* DeviceGroup.swift */,
				28B49142274BB160002BA67A /* DeviceManager.swift */,
			);
			name = Support;
			path = MOMO/Support;
			sourceTree = SOURCE_ROOT;
		};
		DD43E8D6270B4AC800699DA1 /* Screen */ = {
			isa = PBXGroup;
			children = (
				DD43E8EA270B4F2600699DA1 /* MyInfo */,
				DD43E8E9270B4F0E00699DA1 /* Community */,
				DD43E8E8270B4EFC00699DA1 /* Policy */,
				DD43E8E7270B4EE100699DA1 /* Diary */,
				DD43E8E6270B4ECB00699DA1 /* Tabs */,
				DD43E8E5270B4EBE00699DA1 /* Home */,
				DD43E8E4270B4EA700699DA1 /* Login */,
			);
			path = Screen;
			sourceTree = "<group>";
		};
		DD43E8D7270B4B0600699DA1 /* Global */ = {
			isa = PBXGroup;
			children = (
				DD43E8DD270B4B7700699DA1 /* Service */,
				DD43E8DB270B4B6800699DA1 /* Protocol */,
				DD43E8DA270B4B5C00699DA1 /* Model */,
				DD43E8D9270B4B4D00699DA1 /* Custom */,
				DD43E8D8270B4B3600699DA1 /* Extension */,
			);
			path = Global;
			sourceTree = "<group>";
		};
		DD43E8D8270B4B3600699DA1 /* Extension */ = {
			isa = PBXGroup;
			children = (
				28552F0F274009A90028D363 /* UIView+Extension.swift */,
				28552F11274017820028D363 /* UITextfield+Extension.swift */,
				288ED7642742870E00C5178D /* Date+Extension.swift */,
				280BEFB0274B1CB400F031A7 /* UISegmentedControl+Extension.swift */,
				280BEFB2274B1CD400F031A7 /* UIImage+Extension.swift */,
				280BEFB6274B226C00F031A7 /* UITableView+Extension.swift */,
				280BEFD0274B7E2400F031A7 /* UIImageView+Extension.swift */,
				289B3622274FA81200535B2E /* UICollectionView+Extension.swift */,
			);
			path = Extension;
			sourceTree = "<group>";
		};
		DD43E8D9270B4B4D00699DA1 /* Custom */ = {
			isa = PBXGroup;
			children = (
				DD43E8E0270B4E3500699DA1 /* MomoBaseTextField.swift */,
				DD43E8E2270B4E5100699DA1 /* MomoBaseSearchField.swift */,
				285209772752646D00AB8BAC /* PopAnimator.swift */,
			);
			path = Custom;
			sourceTree = "<group>";
		};
		DD43E8DA270B4B5C00699DA1 /* Model */ = {
			isa = PBXGroup;
			children = (
				288ED7622742865800C5178D /* SimpleListModel.swift */,
				289B361C274F58E300535B2E /* RecommendSimpleData.swift */,
			);
			path = Model;
			sourceTree = "<group>";
		};
		DD43E8DB270B4B6800699DA1 /* Protocol */ = {
			isa = PBXGroup;
			children = (
				28FEC6332712C11A00C10B32 /* StoryboardInstantiable.swift */,
				28FEC6352712C15B00C10B32 /* NibInstantiatable.swift */,
				280BEFB4274B224500F031A7 /* ReusableView.swift */,
				280BEFB8274B2F7100F031A7 /* NibLoadableView.swift */,
				280BEFD2274BA22E00F031A7 /* CanShowDetailView.swift */,
				28B49144274BB9B1002BA67A /* KeyboardScrollable.swift */,
				28B49146274BBA45002BA67A /* Scrollable.swift */,
				28B49148274BBC47002BA67A /* TableViewGappable.swift */,
				289B361E274F5CEC00535B2E /* simpleContent.swift */,
				289B3620274F5DBB00535B2E /* simpleContentContainer.swift */,
				285209712752243800AB8BAC /* Dimmable.swift */,
			);
			path = Protocol;
			sourceTree = "<group>";
		};
		DD43E8DD270B4B7700699DA1 /* Service */ = {
			isa = PBXGroup;
			children = (
				280BEFCE274B7DA600F031A7 /* StorageService.swift */,
			);
			path = Service;
			sourceTree = "<group>";
		};
		DD43E8E4270B4EA700699DA1 /* Login */ = {
			isa = PBXGroup;
			children = (
			);
			path = Login;
			sourceTree = "<group>";
		};
		DD43E8E5270B4EBE00699DA1 /* Home */ = {
			isa = PBXGroup;
			children = (
				288ED75D27427D2A00C5178D /* View */,
				28F4714C2738F66C0074D148 /* Storyboard */,
				28F471482738F0240074D148 /* ViewController */,
			);
			path = Home;
			sourceTree = "<group>";
		};
		DD43E8E6270B4ECB00699DA1 /* Tabs */ = {
			isa = PBXGroup;
			children = (
				28F4713E2738A4020074D148 /* TabBar.swift */,
			);
			path = Tabs;
			sourceTree = "<group>";
		};
		DD43E8E7270B4EE100699DA1 /* Diary */ = {
			isa = PBXGroup;
			children = (
				28F471422738B31E0074D148 /* DiaryMainViewController.swift */,
			);
			path = Diary;
			sourceTree = "<group>";
		};
		DD43E8E8270B4EFC00699DA1 /* Policy */ = {
			isa = PBXGroup;
			children = (
				28F471442738B8D10074D148 /* PolicyMainViewController.swift */,
				280BEFD4274BA35900F031A7 /* DetailViewController.swift */,
			);
			path = Policy;
			sourceTree = "<group>";
		};
		DD43E8E9270B4F0E00699DA1 /* Community */ = {
			isa = PBXGroup;
			children = (
				280BEFD6274BA60D00F031A7 /* CommunityMainViewController.swift */,
			);
			path = Community;
			sourceTree = "<group>";
		};
		DD43E8EA270B4F2600699DA1 /* MyInfo */ = {
			isa = PBXGroup;
			children = (
				28F47155273BE0500074D148 /* Storyboard */,
				28F47156273BE05F0074D148 /* ViewController */,
			);
			path = MyInfo;
			sourceTree = "<group>";
		};
/* End PBXGroup section */

/* Begin PBXNativeTarget section */
		DD43E8BD270B4A2100699DA1 /* MOMO */ = {
			isa = PBXNativeTarget;
			buildConfigurationList = DD43E8D2270B4A2300699DA1 /* Build configuration list for PBXNativeTarget "MOMO" */;
			buildPhases = (
				09CC14A012BE3B4ABF7B4438 /* [CP] Check Pods Manifest.lock */,
				DD43E8BA270B4A2100699DA1 /* Sources */,
				DD43E8BB270B4A2100699DA1 /* Frameworks */,
				DD43E8BC270B4A2100699DA1 /* Resources */,
				DD1356F8270B51B8003BAB4A /* ShellScript */,
				0C602195014DE94FB1640C38 /* [CP] Embed Pods Frameworks */,
			);
			buildRules = (
			);
			dependencies = (
			);
			name = MOMO;
			packageProductDependencies = (
				280BEFC1274B65F100F031A7 /* FirebaseAnalytics */,
				280BEFC3274B65F100F031A7 /* FirebaseAnalyticsSwift-Beta */,
				280BEFC5274B65F100F031A7 /* FirebaseAnalyticsWithoutAdIdSupport */,
				280BEFC7274B65F100F031A7 /* FirebaseStorage */,
				280BEFC9274B65F100F031A7 /* FirebaseStorageSwift-Beta */,
				280BEFCC274B7B9400F031A7 /* Kingfisher */,
			);
			productName = MOMO;
			productReference = DD43E8BE270B4A2100699DA1 /* MOMO.app */;
			productType = "com.apple.product-type.application";
		};
/* End PBXNativeTarget section */

/* Begin PBXProject section */
		DD43E8B6270B4A2100699DA1 /* Project object */ = {
			isa = PBXProject;
			attributes = {
				LastSwiftUpdateCheck = 1250;
				LastUpgradeCheck = 1250;
				TargetAttributes = {
					DD43E8BD270B4A2100699DA1 = {
						CreatedOnToolsVersion = 12.5;
					};
				};
			};
			buildConfigurationList = DD43E8B9270B4A2100699DA1 /* Build configuration list for PBXProject "MOMO" */;
			compatibilityVersion = "Xcode 9.3";
			developmentRegion = en;
			hasScannedForEncodings = 0;
			knownRegions = (
				en,
				Base,
			);
			mainGroup = DD43E8B5270B4A2100699DA1;
			packageReferences = (
				280BEFC0274B65F100F031A7 /* XCRemoteSwiftPackageReference "firebase-ios-sdk" */,
				280BEFCB274B7B9400F031A7 /* XCRemoteSwiftPackageReference "Kingfisher" */,
			);
			productRefGroup = DD43E8BF270B4A2100699DA1 /* Products */;
			projectDirPath = "";
			projectRoot = "";
			targets = (
				DD43E8BD270B4A2100699DA1 /* MOMO */,
			);
		};
/* End PBXProject section */

/* Begin PBXResourcesBuildPhase section */
		DD43E8BC270B4A2100699DA1 /* Resources */ = {
			isa = PBXResourcesBuildPhase;
			buildActionMask = 2147483647;
			files = (
				288ED75A27427CC200C5178D /* BookmarkList.storyboard in Resources */,
				28F47164273BE5500074D148 /* MyInfoEdit.storyboard in Resources */,
				28F47158273BE0780074D148 /* MyInfoMain.storyboard in Resources */,
				288ED76127427D5800C5178D /* ListTableViewCell.xib in Resources */,
				28F4714E2738F67A0074D148 /* HomeMain.storyboard in Resources */,
				DD43E8CE270B4A2300699DA1 /* LaunchScreen.storyboard in Resources */,
				DD43E8DF270B4C0100699DA1 /* Colors.xcassets in Resources */,
				DD43E8CB270B4A2300699DA1 /* Assets.xcassets in Resources */,
				280BEFBB274B319500F031A7 /* PolicyBookmarkTable.storyboard in Resources */,
				280BEFBF274B647900F031A7 /* GoogleService-Info.plist in Resources */,
				DD1356FA270B526B003BAB4A /* swiftgen.yml in Resources */,
				28F4715A273BE3D90074D148 /* MyActivity.storyboard in Resources */,
				280BEFBD274B31B700F031A7 /* CommuntiyBookmarkTable.storyboard in Resources */,
				28F4715E273BE4620074D148 /* MySetting.storyboard in Resources */,
				28F47166273BE6FE0074D148 /* MyBabyInfo.storyboard in Resources */,
			);
			runOnlyForDeploymentPostprocessing = 0;
		};
/* End PBXResourcesBuildPhase section */

/* Begin PBXShellScriptBuildPhase section */
		09CC14A012BE3B4ABF7B4438 /* [CP] Check Pods Manifest.lock */ = {
			isa = PBXShellScriptBuildPhase;
			buildActionMask = 2147483647;
			files = (
			);
			inputFileListPaths = (
			);
			inputPaths = (
				"${PODS_PODFILE_DIR_PATH}/Podfile.lock",
				"${PODS_ROOT}/Manifest.lock",
			);
			name = "[CP] Check Pods Manifest.lock";
			outputFileListPaths = (
			);
			outputPaths = (
				"$(DERIVED_FILE_DIR)/Pods-MOMO-checkManifestLockResult.txt",
			);
			runOnlyForDeploymentPostprocessing = 0;
			shellPath = /bin/sh;
			shellScript = "diff \"${PODS_PODFILE_DIR_PATH}/Podfile.lock\" \"${PODS_ROOT}/Manifest.lock\" > /dev/null\nif [ $? != 0 ] ; then\n    # print error to STDERR\n    echo \"error: The sandbox is not in sync with the Podfile.lock. Run 'pod install' or update your CocoaPods installation.\" >&2\n    exit 1\nfi\n# This output is used by Xcode 'outputs' to avoid re-running this script phase.\necho \"SUCCESS\" > \"${SCRIPT_OUTPUT_FILE_0}\"\n";
			showEnvVarsInLog = 0;
		};
		0C602195014DE94FB1640C38 /* [CP] Embed Pods Frameworks */ = {
			isa = PBXShellScriptBuildPhase;
			buildActionMask = 2147483647;
			files = (
			);
			inputFileListPaths = (
				"${PODS_ROOT}/Target Support Files/Pods-MOMO/Pods-MOMO-frameworks-${CONFIGURATION}-input-files.xcfilelist",
			);
			name = "[CP] Embed Pods Frameworks";
			outputFileListPaths = (
				"${PODS_ROOT}/Target Support Files/Pods-MOMO/Pods-MOMO-frameworks-${CONFIGURATION}-output-files.xcfilelist",
			);
			runOnlyForDeploymentPostprocessing = 0;
			shellPath = /bin/sh;
			shellScript = "\"${PODS_ROOT}/Target Support Files/Pods-MOMO/Pods-MOMO-frameworks.sh\"\n";
			showEnvVarsInLog = 0;
		};
		DD1356F8270B51B8003BAB4A /* ShellScript */ = {
			isa = PBXShellScriptBuildPhase;
			buildActionMask = 2147483647;
			files = (
			);
			inputFileListPaths = (
			);
			inputPaths = (
			);
			outputFileListPaths = (
			);
			outputPaths = (
			);
			runOnlyForDeploymentPostprocessing = 0;
			shellPath = /bin/sh;
			shellScript = "if [[ -f \"${PODS_ROOT}/SwiftGen/bin/swiftgen\" ]]; then\n  \"${PODS_ROOT}/SwiftGen/bin/swiftgen\"\nelse\n  echo \"warning: SwiftGen is not installed. Run 'pod install --repo-update' to install it.\"\nfi \n";
		};
/* End PBXShellScriptBuildPhase section */

/* Begin PBXSourcesBuildPhase section */
		DD43E8BA270B4A2100699DA1 /* Sources */ = {
			isa = PBXSourcesBuildPhase;
			buildActionMask = 2147483647;
			files = (
				289B3623274FA81200535B2E /* UICollectionView+Extension.swift in Sources */,
				DD135701270B5E53003BAB4A /* XCAssets+Generated.swift in Sources */,
				288ED7632742865800C5178D /* SimpleListModel.swift in Sources */,
				28492612273BF9E000FA2072 /* SettingWebViewController.swift in Sources */,
				288ED76927428C1E00C5178D /* PolicyBookmarkTableViewController.swift in Sources */,
				28F4715C273BE3E90074D148 /* MyActivityViewController.swift in Sources */,
				28F47150273912220074D148 /* RecommendModalViewController.swift in Sources */,
				28B49149274BBC47002BA67A /* TableViewGappable.swift in Sources */,
				289B361A274F40DC00535B2E /* RecommendCollectionViewCell.swift in Sources */,
				2852097427522C1300AB8BAC /* PresentationController.swift in Sources */,
				285209782752646D00AB8BAC /* PopAnimator.swift in Sources */,
				280BEFD3274BA22E00F031A7 /* CanShowDetailView.swift in Sources */,
				28F471432738B31E0074D148 /* DiaryMainViewController.swift in Sources */,
				280BEFB5274B224500F031A7 /* ReusableView.swift in Sources */,
				DD43E8C2270B4A2100699DA1 /* AppDelegate.swift in Sources */,
				DD43E8E3270B4E5100699DA1 /* MomoBaseSearchField.swift in Sources */,
				28552F12274017820028D363 /* UITextfield+Extension.swift in Sources */,
				28B49147274BBA45002BA67A /* Scrollable.swift in Sources */,
				28F47168273BE7150074D148 /* MyBabyInfoViewController.swift in Sources */,
				28F471452738B8D10074D148 /* PolicyMainViewController.swift in Sources */,
				28F4713F2738A4020074D148 /* TabBar.swift in Sources */,
				DD43E8C4270B4A2100699DA1 /* SceneDelegate.swift in Sources */,
				289B361F274F5CEC00535B2E /* simpleContent.swift in Sources */,
				28FEC6342712C11A00C10B32 /* StoryboardInstantiable.swift in Sources */,
				288ED76B27428C6F00C5178D /* BookmarkPageViewController.swift in Sources */,
				280BEFD5274BA35900F031A7 /* DetailViewController.swift in Sources */,
				285209722752243800AB8BAC /* Dimmable.swift in Sources */,
				289B3621274F5DBB00535B2E /* simpleContentContainer.swift in Sources */,
				280BEFB1274B1CB400F031A7 /* UISegmentedControl+Extension.swift in Sources */,
				288ED7652742870E00C5178D /* Date+Extension.swift in Sources */,
				289B361D274F58E300535B2E /* RecommendSimpleData.swift in Sources */,
				288ED76727428C0A00C5178D /* CommuntiyBookmarkTableViewController.swift in Sources */,
				28520976275261F200AB8BAC /* CollectionViewCellPresentationController.swift in Sources */,
				28B49141274BB12C002BA67A /* DeviceGroup.swift in Sources */,
				288ED75C27427CD000C5178D /* BookmarkListViewController.swift in Sources */,
				280BEFD7274BA60D00F031A7 /* CommunityMainViewController.swift in Sources */,
				28F47160273BE4700074D148 /* MySettingViewController.swift in Sources */,
				DD43E8E1270B4E3500699DA1 /* MomoBaseTextField.swift in Sources */,
				288ED76027427D5800C5178D /* ListTableViewCell.swift in Sources */,
				28552F10274009A90028D363 /* UIView+Extension.swift in Sources */,
				28F471412738B3090074D148 /* HomeMainViewController.swift in Sources */,
				28B49145274BB9B1002BA67A /* KeyboardScrollable.swift in Sources */,
				28FEC6362712C15B00C10B32 /* NibInstantiatable.swift in Sources */,
				280BEFB9274B2F7100F031A7 /* NibLoadableView.swift in Sources */,
				28F471472738B8DC0074D148 /* MyInfoMainViewController.swift in Sources */,
				28B49143274BB160002BA67A /* DeviceManager.swift in Sources */,
				280BEFCF274B7DA600F031A7 /* StorageService.swift in Sources */,
				280BEFD1274B7E2400F031A7 /* UIImageView+Extension.swift in Sources */,
				280BEFB3274B1CD400F031A7 /* UIImage+Extension.swift in Sources */,
				28492614273F666F00FA2072 /* InfoBaseTableViewController.swift in Sources */,
				28F47162273BE5480074D148 /* MyInfoEditViewController.swift in Sources */,
				280BEFB7274B226C00F031A7 /* UITableView+Extension.swift in Sources */,
			);
			runOnlyForDeploymentPostprocessing = 0;
		};
/* End PBXSourcesBuildPhase section */

/* Begin PBXVariantGroup section */
		DD43E8CC270B4A2300699DA1 /* LaunchScreen.storyboard */ = {
			isa = PBXVariantGroup;
			children = (
				DD43E8CD270B4A2300699DA1 /* Base */,
			);
			name = LaunchScreen.storyboard;
			sourceTree = "<group>";
		};
/* End PBXVariantGroup section */

/* Begin XCBuildConfiguration section */
		DD43E8D0270B4A2300699DA1 /* Debug */ = {
			isa = XCBuildConfiguration;
			buildSettings = {
				ALWAYS_SEARCH_USER_PATHS = NO;
				CLANG_ANALYZER_NONNULL = YES;
				CLANG_ANALYZER_NUMBER_OBJECT_CONVERSION = YES_AGGRESSIVE;
				CLANG_CXX_LANGUAGE_STANDARD = "gnu++14";
				CLANG_CXX_LIBRARY = "libc++";
				CLANG_ENABLE_MODULES = YES;
				CLANG_ENABLE_OBJC_ARC = YES;
				CLANG_ENABLE_OBJC_WEAK = YES;
				CLANG_WARN_BLOCK_CAPTURE_AUTORELEASING = YES;
				CLANG_WARN_BOOL_CONVERSION = YES;
				CLANG_WARN_COMMA = YES;
				CLANG_WARN_CONSTANT_CONVERSION = YES;
				CLANG_WARN_DEPRECATED_OBJC_IMPLEMENTATIONS = YES;
				CLANG_WARN_DIRECT_OBJC_ISA_USAGE = YES_ERROR;
				CLANG_WARN_DOCUMENTATION_COMMENTS = YES;
				CLANG_WARN_EMPTY_BODY = YES;
				CLANG_WARN_ENUM_CONVERSION = YES;
				CLANG_WARN_INFINITE_RECURSION = YES;
				CLANG_WARN_INT_CONVERSION = YES;
				CLANG_WARN_NON_LITERAL_NULL_CONVERSION = YES;
				CLANG_WARN_OBJC_IMPLICIT_RETAIN_SELF = YES;
				CLANG_WARN_OBJC_LITERAL_CONVERSION = YES;
				CLANG_WARN_OBJC_ROOT_CLASS = YES_ERROR;
				CLANG_WARN_QUOTED_INCLUDE_IN_FRAMEWORK_HEADER = YES;
				CLANG_WARN_RANGE_LOOP_ANALYSIS = YES;
				CLANG_WARN_STRICT_PROTOTYPES = YES;
				CLANG_WARN_SUSPICIOUS_MOVE = YES;
				CLANG_WARN_UNGUARDED_AVAILABILITY = YES_AGGRESSIVE;
				CLANG_WARN_UNREACHABLE_CODE = YES;
				CLANG_WARN__DUPLICATE_METHOD_MATCH = YES;
				COPY_PHASE_STRIP = NO;
				DEBUG_INFORMATION_FORMAT = dwarf;
				ENABLE_STRICT_OBJC_MSGSEND = YES;
				ENABLE_TESTABILITY = YES;
				GCC_C_LANGUAGE_STANDARD = gnu11;
				GCC_DYNAMIC_NO_PIC = NO;
				GCC_NO_COMMON_BLOCKS = YES;
				GCC_OPTIMIZATION_LEVEL = 0;
				GCC_PREPROCESSOR_DEFINITIONS = (
					"DEBUG=1",
					"$(inherited)",
				);
				GCC_WARN_64_TO_32_BIT_CONVERSION = YES;
				GCC_WARN_ABOUT_RETURN_TYPE = YES_ERROR;
				GCC_WARN_UNDECLARED_SELECTOR = YES;
				GCC_WARN_UNINITIALIZED_AUTOS = YES_AGGRESSIVE;
				GCC_WARN_UNUSED_FUNCTION = YES;
				GCC_WARN_UNUSED_VARIABLE = YES;
				IPHONEOS_DEPLOYMENT_TARGET = 14.5;
				MTL_ENABLE_DEBUG_INFO = INCLUDE_SOURCE;
				MTL_FAST_MATH = YES;
				ONLY_ACTIVE_ARCH = YES;
				SDKROOT = iphoneos;
				SWIFT_ACTIVE_COMPILATION_CONDITIONS = DEBUG;
				SWIFT_OPTIMIZATION_LEVEL = "-Onone";
			};
			name = Debug;
		};
		DD43E8D1270B4A2300699DA1 /* Release */ = {
			isa = XCBuildConfiguration;
			buildSettings = {
				ALWAYS_SEARCH_USER_PATHS = NO;
				CLANG_ANALYZER_NONNULL = YES;
				CLANG_ANALYZER_NUMBER_OBJECT_CONVERSION = YES_AGGRESSIVE;
				CLANG_CXX_LANGUAGE_STANDARD = "gnu++14";
				CLANG_CXX_LIBRARY = "libc++";
				CLANG_ENABLE_MODULES = YES;
				CLANG_ENABLE_OBJC_ARC = YES;
				CLANG_ENABLE_OBJC_WEAK = YES;
				CLANG_WARN_BLOCK_CAPTURE_AUTORELEASING = YES;
				CLANG_WARN_BOOL_CONVERSION = YES;
				CLANG_WARN_COMMA = YES;
				CLANG_WARN_CONSTANT_CONVERSION = YES;
				CLANG_WARN_DEPRECATED_OBJC_IMPLEMENTATIONS = YES;
				CLANG_WARN_DIRECT_OBJC_ISA_USAGE = YES_ERROR;
				CLANG_WARN_DOCUMENTATION_COMMENTS = YES;
				CLANG_WARN_EMPTY_BODY = YES;
				CLANG_WARN_ENUM_CONVERSION = YES;
				CLANG_WARN_INFINITE_RECURSION = YES;
				CLANG_WARN_INT_CONVERSION = YES;
				CLANG_WARN_NON_LITERAL_NULL_CONVERSION = YES;
				CLANG_WARN_OBJC_IMPLICIT_RETAIN_SELF = YES;
				CLANG_WARN_OBJC_LITERAL_CONVERSION = YES;
				CLANG_WARN_OBJC_ROOT_CLASS = YES_ERROR;
				CLANG_WARN_QUOTED_INCLUDE_IN_FRAMEWORK_HEADER = YES;
				CLANG_WARN_RANGE_LOOP_ANALYSIS = YES;
				CLANG_WARN_STRICT_PROTOTYPES = YES;
				CLANG_WARN_SUSPICIOUS_MOVE = YES;
				CLANG_WARN_UNGUARDED_AVAILABILITY = YES_AGGRESSIVE;
				CLANG_WARN_UNREACHABLE_CODE = YES;
				CLANG_WARN__DUPLICATE_METHOD_MATCH = YES;
				COPY_PHASE_STRIP = NO;
				DEBUG_INFORMATION_FORMAT = "dwarf-with-dsym";
				ENABLE_NS_ASSERTIONS = NO;
				ENABLE_STRICT_OBJC_MSGSEND = YES;
				GCC_C_LANGUAGE_STANDARD = gnu11;
				GCC_NO_COMMON_BLOCKS = YES;
				GCC_WARN_64_TO_32_BIT_CONVERSION = YES;
				GCC_WARN_ABOUT_RETURN_TYPE = YES_ERROR;
				GCC_WARN_UNDECLARED_SELECTOR = YES;
				GCC_WARN_UNINITIALIZED_AUTOS = YES_AGGRESSIVE;
				GCC_WARN_UNUSED_FUNCTION = YES;
				GCC_WARN_UNUSED_VARIABLE = YES;
				IPHONEOS_DEPLOYMENT_TARGET = 14.5;
				MTL_ENABLE_DEBUG_INFO = NO;
				MTL_FAST_MATH = YES;
				SDKROOT = iphoneos;
				SWIFT_COMPILATION_MODE = wholemodule;
				SWIFT_OPTIMIZATION_LEVEL = "-O";
				VALIDATE_PRODUCT = YES;
			};
			name = Release;
		};
		DD43E8D3270B4A2300699DA1 /* Debug */ = {
			isa = XCBuildConfiguration;
			baseConfigurationReference = 4584A62DE06449299FBDE89F /* Pods-MOMO.debug.xcconfig */;
			buildSettings = {
				ASSETCATALOG_COMPILER_APPICON_NAME = AppIcon;
				ASSETCATALOG_COMPILER_GLOBAL_ACCENT_COLOR_NAME = AccentColor;
				CODE_SIGN_STYLE = Automatic;
				DEVELOPMENT_TEAM = 693WY75AQY;
				"EXCLUDED_ARCHS[sdk=iphonesimulator*]" = arm64;
				INFOPLIST_FILE = MOMO/Support/Info.plist;
				IPHONEOS_DEPLOYMENT_TARGET = 13.0;
				LD_RUNPATH_SEARCH_PATHS = (
					"$(inherited)",
					"@executable_path/Frameworks",
				);
				PRODUCT_BUNDLE_IDENTIFIER = net.momstouch.MOMO;
				PRODUCT_NAME = "$(TARGET_NAME)";
				SWIFT_VERSION = 5.0;
				TARGETED_DEVICE_FAMILY = 1;
				VALIDATE_WORKSPACE = YES;
			};
			name = Debug;
		};
		DD43E8D4270B4A2300699DA1 /* Release */ = {
			isa = XCBuildConfiguration;
			baseConfigurationReference = DE315F7B057862286DD0C609 /* Pods-MOMO.release.xcconfig */;
			buildSettings = {
				ASSETCATALOG_COMPILER_APPICON_NAME = AppIcon;
				ASSETCATALOG_COMPILER_GLOBAL_ACCENT_COLOR_NAME = AccentColor;
				CODE_SIGN_STYLE = Automatic;
				DEVELOPMENT_TEAM = 693WY75AQY;
				"EXCLUDED_ARCHS[sdk=iphonesimulator*]" = arm64;
				INFOPLIST_FILE = MOMO/Support/Info.plist;
				IPHONEOS_DEPLOYMENT_TARGET = 13.0;
				LD_RUNPATH_SEARCH_PATHS = (
					"$(inherited)",
					"@executable_path/Frameworks",
				);
				PRODUCT_BUNDLE_IDENTIFIER = net.momstouch.MOMO;
				PRODUCT_NAME = "$(TARGET_NAME)";
				SWIFT_VERSION = 5.0;
				TARGETED_DEVICE_FAMILY = 1;
				VALIDATE_WORKSPACE = YES;
			};
			name = Release;
		};
/* End XCBuildConfiguration section */

/* Begin XCConfigurationList section */
		DD43E8B9270B4A2100699DA1 /* Build configuration list for PBXProject "MOMO" */ = {
			isa = XCConfigurationList;
			buildConfigurations = (
				DD43E8D0270B4A2300699DA1 /* Debug */,
				DD43E8D1270B4A2300699DA1 /* Release */,
			);
			defaultConfigurationIsVisible = 0;
			defaultConfigurationName = Release;
		};
		DD43E8D2270B4A2300699DA1 /* Build configuration list for PBXNativeTarget "MOMO" */ = {
			isa = XCConfigurationList;
			buildConfigurations = (
				DD43E8D3270B4A2300699DA1 /* Debug */,
				DD43E8D4270B4A2300699DA1 /* Release */,
			);
			defaultConfigurationIsVisible = 0;
			defaultConfigurationName = Release;
		};
/* End XCConfigurationList section */

/* Begin XCRemoteSwiftPackageReference section */
		280BEFC0274B65F100F031A7 /* XCRemoteSwiftPackageReference "firebase-ios-sdk" */ = {
			isa = XCRemoteSwiftPackageReference;
			repositoryURL = "https://github.com/firebase/firebase-ios-sdk";
			requirement = {
				kind = upToNextMajorVersion;
				minimumVersion = 8.0.0;
			};
		};
		280BEFCB274B7B9400F031A7 /* XCRemoteSwiftPackageReference "Kingfisher" */ = {
			isa = XCRemoteSwiftPackageReference;
			repositoryURL = "https://github.com/onevcat/Kingfisher.git";
			requirement = {
				kind = upToNextMajorVersion;
				minimumVersion = 7.0.0;
			};
		};
/* End XCRemoteSwiftPackageReference section */

/* Begin XCSwiftPackageProductDependency section */
		280BEFC1274B65F100F031A7 /* FirebaseAnalytics */ = {
			isa = XCSwiftPackageProductDependency;
			package = 280BEFC0274B65F100F031A7 /* XCRemoteSwiftPackageReference "firebase-ios-sdk" */;
			productName = FirebaseAnalytics;
		};
		280BEFC3274B65F100F031A7 /* FirebaseAnalyticsSwift-Beta */ = {
			isa = XCSwiftPackageProductDependency;
			package = 280BEFC0274B65F100F031A7 /* XCRemoteSwiftPackageReference "firebase-ios-sdk" */;
			productName = "FirebaseAnalyticsSwift-Beta";
		};
		280BEFC5274B65F100F031A7 /* FirebaseAnalyticsWithoutAdIdSupport */ = {
			isa = XCSwiftPackageProductDependency;
			package = 280BEFC0274B65F100F031A7 /* XCRemoteSwiftPackageReference "firebase-ios-sdk" */;
			productName = FirebaseAnalyticsWithoutAdIdSupport;
		};
		280BEFC7274B65F100F031A7 /* FirebaseStorage */ = {
			isa = XCSwiftPackageProductDependency;
			package = 280BEFC0274B65F100F031A7 /* XCRemoteSwiftPackageReference "firebase-ios-sdk" */;
			productName = FirebaseStorage;
		};
		280BEFC9274B65F100F031A7 /* FirebaseStorageSwift-Beta */ = {
			isa = XCSwiftPackageProductDependency;
			package = 280BEFC0274B65F100F031A7 /* XCRemoteSwiftPackageReference "firebase-ios-sdk" */;
			productName = "FirebaseStorageSwift-Beta";
		};
		280BEFCC274B7B9400F031A7 /* Kingfisher */ = {
			isa = XCSwiftPackageProductDependency;
			package = 280BEFCB274B7B9400F031A7 /* XCRemoteSwiftPackageReference "Kingfisher" */;
			productName = Kingfisher;
		};
/* End XCSwiftPackageProductDependency section */
	};
	rootObject = DD43E8B6270B4A2100699DA1 /* Project object */;
}
