// !$*UTF8*$!
{
	archiveVersion = 1;
	classes = {
	};
	objectVersion = 51;
	objects = {

/* Begin PBXBuildFile section */
		28FEC6342712C11A00C10B32 /* StoryboardInstantiable.swift in Sources */ = {isa = PBXBuildFile; fileRef = 28FEC6332712C11A00C10B32 /* StoryboardInstantiable.swift */; };
		28FEC6362712C15B00C10B32 /* NibInstantiatable.swift in Sources */ = {isa = PBXBuildFile; fileRef = 28FEC6352712C15B00C10B32 /* NibInstantiatable.swift */; };
		DD1356FA270B526B003BAB4A /* swiftgen.yml in Resources */ = {isa = PBXBuildFile; fileRef = DD1356F9270B526A003BAB4A /* swiftgen.yml */; };
		DD135701270B5E53003BAB4A /* XCAssets+Generated.swift in Sources */ = {isa = PBXBuildFile; fileRef = DD135700270B5E53003BAB4A /* XCAssets+Generated.swift */; };
		DD1C24F827518C0700CDD64F /* WithTextViewController.swift in Sources */ = {isa = PBXBuildFile; fileRef = DD1C24F727518C0700CDD64F /* WithTextViewController.swift */; };
		DD1C24FA27518C9900CDD64F /* WithTextCollectionViewCell.swift in Sources */ = {isa = PBXBuildFile; fileRef = DD1C24F927518C9900CDD64F /* WithTextCollectionViewCell.swift */; };
		DD1C24FC2751935700CDD64F /* WithTextCollectionViewCell.xib in Resources */ = {isa = PBXBuildFile; fileRef = DD1C24FB2751935700CDD64F /* WithTextCollectionViewCell.xib */; };
		DD1C24FF2752765300CDD64F /* DiaryInputOption.storyboard in Resources */ = {isa = PBXBuildFile; fileRef = DD1C24FE2752765300CDD64F /* DiaryInputOption.storyboard */; };
		DD1C2501275276B200CDD64F /* DiaryInputOptionViewController.swift in Sources */ = {isa = PBXBuildFile; fileRef = DD1C2500275276B200CDD64F /* DiaryInputOptionViewController.swift */; };
		DD1C25062752FD1F00CDD64F /* QuestionsMain.storyboard in Resources */ = {isa = PBXBuildFile; fileRef = DD1C25052752FD1F00CDD64F /* QuestionsMain.storyboard */; };
		DD1C25082752FD2700CDD64F /* CreateQuestion.storyboard in Resources */ = {isa = PBXBuildFile; fileRef = DD1C25072752FD2700CDD64F /* CreateQuestion.storyboard */; };
		DD1C250A2752FD3200CDD64F /* QuetsionDetail.storyboard in Resources */ = {isa = PBXBuildFile; fileRef = DD1C25092752FD3200CDD64F /* QuetsionDetail.storyboard */; };
		DD1C250C275305C100CDD64F /* QuestionsMainViewController.swift in Sources */ = {isa = PBXBuildFile; fileRef = DD1C250B275305C100CDD64F /* QuestionsMainViewController.swift */; };
		DD1C251127530D8E00CDD64F /* QuestionTableViewCell.swift in Sources */ = {isa = PBXBuildFile; fileRef = DD1C251027530D8D00CDD64F /* QuestionTableViewCell.swift */; };
		DD1C251327530E4100CDD64F /* QuestionTableViewCell.xib in Resources */ = {isa = PBXBuildFile; fileRef = DD1C251227530E4100CDD64F /* QuestionTableViewCell.xib */; };
		DD1C25152753179300CDD64F /* CreateQuestionViewController.swift in Sources */ = {isa = PBXBuildFile; fileRef = DD1C25142753179300CDD64F /* CreateQuestionViewController.swift */; };
		DD1C25192753215800CDD64F /* XCAssetTypeAlias.swift in Sources */ = {isa = PBXBuildFile; fileRef = DD1C25182753215800CDD64F /* XCAssetTypeAlias.swift */; };
		DD1CF25F2740FD89007F6C9B /* DiaryReport.storyboard in Resources */ = {isa = PBXBuildFile; fileRef = DD1CF25E2740FD89007F6C9B /* DiaryReport.storyboard */; };
		DD1CF2632740FDB3007F6C9B /* DiaryMainViewController.swift in Sources */ = {isa = PBXBuildFile; fileRef = DD1CF2622740FDB3007F6C9B /* DiaryMainViewController.swift */; };
		DD1CF2652740FE37007F6C9B /* DiaryMain.storyboard in Resources */ = {isa = PBXBuildFile; fileRef = DD1CF2642740FE37007F6C9B /* DiaryMain.storyboard */; };
		DD1CF2672740FE68007F6C9B /* DiaryReportViewController.swift in Sources */ = {isa = PBXBuildFile; fileRef = DD1CF2662740FE68007F6C9B /* DiaryReportViewController.swift */; };
		DD1CF2732741034A007F6C9B /* DiaryDetailViewController.swift in Sources */ = {isa = PBXBuildFile; fileRef = DD1CF2722741034A007F6C9B /* DiaryDetailViewController.swift */; };
		DD1CF27527410511007F6C9B /* CreateDiaryViewController.swift in Sources */ = {isa = PBXBuildFile; fileRef = DD1CF27427410511007F6C9B /* CreateDiaryViewController.swift */; };
		DD1CF2772741051D007F6C9B /* CreateDiary.storyboard in Resources */ = {isa = PBXBuildFile; fileRef = DD1CF2762741051D007F6C9B /* CreateDiary.storyboard */; };
		DD1CF2792741052C007F6C9B /* WithText.storyboard in Resources */ = {isa = PBXBuildFile; fileRef = DD1CF2782741052C007F6C9B /* WithText.storyboard */; };
		DD43E8C2270B4A2100699DA1 /* AppDelegate.swift in Sources */ = {isa = PBXBuildFile; fileRef = DD43E8C1270B4A2100699DA1 /* AppDelegate.swift */; };
		DD43E8C4270B4A2100699DA1 /* SceneDelegate.swift in Sources */ = {isa = PBXBuildFile; fileRef = DD43E8C3270B4A2100699DA1 /* SceneDelegate.swift */; };
		DD43E8CB270B4A2300699DA1 /* Assets.xcassets in Resources */ = {isa = PBXBuildFile; fileRef = DD43E8CA270B4A2300699DA1 /* Assets.xcassets */; };
		DD43E8CE270B4A2300699DA1 /* LaunchScreen.storyboard in Resources */ = {isa = PBXBuildFile; fileRef = DD43E8CC270B4A2300699DA1 /* LaunchScreen.storyboard */; };
		DD43E8DF270B4C0100699DA1 /* Colors.xcassets in Resources */ = {isa = PBXBuildFile; fileRef = DD43E8DE270B4C0100699DA1 /* Colors.xcassets */; };
		DD43E8E1270B4E3500699DA1 /* MomoBaseTextField.swift in Sources */ = {isa = PBXBuildFile; fileRef = DD43E8E0270B4E3500699DA1 /* MomoBaseTextField.swift */; };
		DD43E8E3270B4E5100699DA1 /* MomoBaseSearchField.swift in Sources */ = {isa = PBXBuildFile; fileRef = DD43E8E2270B4E5100699DA1 /* MomoBaseSearchField.swift */; };
		E5AEEE5EE5BE7080E58DC45F /* Pods_MOMO.framework in Frameworks */ = {isa = PBXBuildFile; fileRef = 0E3E239EA198ECAB6A5204F0 /* Pods_MOMO.framework */; };
/* End PBXBuildFile section */

/* Begin PBXFileReference section */
		0E3E239EA198ECAB6A5204F0 /* Pods_MOMO.framework */ = {isa = PBXFileReference; explicitFileType = wrapper.framework; includeInIndex = 0; path = Pods_MOMO.framework; sourceTree = BUILT_PRODUCTS_DIR; };
		28FEC6332712C11A00C10B32 /* StoryboardInstantiable.swift */ = {isa = PBXFileReference; lastKnownFileType = sourcecode.swift; path = StoryboardInstantiable.swift; sourceTree = "<group>"; };
		28FEC6352712C15B00C10B32 /* NibInstantiatable.swift */ = {isa = PBXFileReference; lastKnownFileType = sourcecode.swift; path = NibInstantiatable.swift; sourceTree = "<group>"; };
		7166B2829692EE80AFDADF89 /* Pods-MOMO.debug.xcconfig */ = {isa = PBXFileReference; includeInIndex = 1; lastKnownFileType = text.xcconfig; name = "Pods-MOMO.debug.xcconfig"; path = "Target Support Files/Pods-MOMO/Pods-MOMO.debug.xcconfig"; sourceTree = "<group>"; };
		9ECECA8F5D7E1DE00DD1437D /* Pods-MOMO.release.xcconfig */ = {isa = PBXFileReference; includeInIndex = 1; lastKnownFileType = text.xcconfig; name = "Pods-MOMO.release.xcconfig"; path = "Target Support Files/Pods-MOMO/Pods-MOMO.release.xcconfig"; sourceTree = "<group>"; };
		DD1356F9270B526A003BAB4A /* swiftgen.yml */ = {isa = PBXFileReference; fileEncoding = 4; lastKnownFileType = text.yaml; path = swiftgen.yml; sourceTree = "<group>"; };
		DD135700270B5E53003BAB4A /* XCAssets+Generated.swift */ = {isa = PBXFileReference; fileEncoding = 4; lastKnownFileType = sourcecode.swift; path = "XCAssets+Generated.swift"; sourceTree = "<group>"; };
		DD1C24F727518C0700CDD64F /* WithTextViewController.swift */ = {isa = PBXFileReference; lastKnownFileType = sourcecode.swift; path = WithTextViewController.swift; sourceTree = "<group>"; };
		DD1C24F927518C9900CDD64F /* WithTextCollectionViewCell.swift */ = {isa = PBXFileReference; lastKnownFileType = sourcecode.swift; path = WithTextCollectionViewCell.swift; sourceTree = "<group>"; };
		DD1C24FB2751935700CDD64F /* WithTextCollectionViewCell.xib */ = {isa = PBXFileReference; lastKnownFileType = file.xib; path = WithTextCollectionViewCell.xib; sourceTree = "<group>"; };
		DD1C24FE2752765300CDD64F /* DiaryInputOption.storyboard */ = {isa = PBXFileReference; lastKnownFileType = file.storyboard; path = DiaryInputOption.storyboard; sourceTree = "<group>"; };
		DD1C2500275276B200CDD64F /* DiaryInputOptionViewController.swift */ = {isa = PBXFileReference; lastKnownFileType = sourcecode.swift; path = DiaryInputOptionViewController.swift; sourceTree = "<group>"; };
		DD1C25052752FD1F00CDD64F /* QuestionsMain.storyboard */ = {isa = PBXFileReference; lastKnownFileType = file.storyboard; path = QuestionsMain.storyboard; sourceTree = "<group>"; };
		DD1C25072752FD2700CDD64F /* CreateQuestion.storyboard */ = {isa = PBXFileReference; lastKnownFileType = file.storyboard; path = CreateQuestion.storyboard; sourceTree = "<group>"; };
		DD1C25092752FD3200CDD64F /* QuetsionDetail.storyboard */ = {isa = PBXFileReference; lastKnownFileType = file.storyboard; path = QuetsionDetail.storyboard; sourceTree = "<group>"; };
		DD1C250B275305C100CDD64F /* QuestionsMainViewController.swift */ = {isa = PBXFileReference; lastKnownFileType = sourcecode.swift; path = QuestionsMainViewController.swift; sourceTree = "<group>"; };
		DD1C251027530D8D00CDD64F /* QuestionTableViewCell.swift */ = {isa = PBXFileReference; lastKnownFileType = sourcecode.swift; path = QuestionTableViewCell.swift; sourceTree = "<group>"; };
		DD1C251227530E4100CDD64F /* QuestionTableViewCell.xib */ = {isa = PBXFileReference; lastKnownFileType = file.xib; path = QuestionTableViewCell.xib; sourceTree = "<group>"; };
		DD1C25142753179300CDD64F /* CreateQuestionViewController.swift */ = {isa = PBXFileReference; lastKnownFileType = sourcecode.swift; path = CreateQuestionViewController.swift; sourceTree = "<group>"; };
		DD1C25182753215800CDD64F /* XCAssetTypeAlias.swift */ = {isa = PBXFileReference; lastKnownFileType = sourcecode.swift; path = XCAssetTypeAlias.swift; sourceTree = "<group>"; };
		DD1CF25E2740FD89007F6C9B /* DiaryReport.storyboard */ = {isa = PBXFileReference; lastKnownFileType = file.storyboard; path = DiaryReport.storyboard; sourceTree = "<group>"; };
		DD1CF2622740FDB3007F6C9B /* DiaryMainViewController.swift */ = {isa = PBXFileReference; lastKnownFileType = sourcecode.swift; path = DiaryMainViewController.swift; sourceTree = "<group>"; };
		DD1CF2642740FE37007F6C9B /* DiaryMain.storyboard */ = {isa = PBXFileReference; lastKnownFileType = file.storyboard; path = DiaryMain.storyboard; sourceTree = "<group>"; };
		DD1CF2662740FE68007F6C9B /* DiaryReportViewController.swift */ = {isa = PBXFileReference; lastKnownFileType = sourcecode.swift; path = DiaryReportViewController.swift; sourceTree = "<group>"; };
		DD1CF2722741034A007F6C9B /* DiaryDetailViewController.swift */ = {isa = PBXFileReference; lastKnownFileType = sourcecode.swift; path = DiaryDetailViewController.swift; sourceTree = "<group>"; };
		DD1CF27427410511007F6C9B /* CreateDiaryViewController.swift */ = {isa = PBXFileReference; lastKnownFileType = sourcecode.swift; path = CreateDiaryViewController.swift; sourceTree = "<group>"; };
		DD1CF2762741051D007F6C9B /* CreateDiary.storyboard */ = {isa = PBXFileReference; lastKnownFileType = file.storyboard; path = CreateDiary.storyboard; sourceTree = "<group>"; };
		DD1CF2782741052C007F6C9B /* WithText.storyboard */ = {isa = PBXFileReference; lastKnownFileType = file.storyboard; path = WithText.storyboard; sourceTree = "<group>"; };
		DD43E8BE270B4A2100699DA1 /* MOMO.app */ = {isa = PBXFileReference; explicitFileType = wrapper.application; includeInIndex = 0; path = MOMO.app; sourceTree = BUILT_PRODUCTS_DIR; };
		DD43E8C1270B4A2100699DA1 /* AppDelegate.swift */ = {isa = PBXFileReference; lastKnownFileType = sourcecode.swift; path = AppDelegate.swift; sourceTree = "<group>"; };
		DD43E8C3270B4A2100699DA1 /* SceneDelegate.swift */ = {isa = PBXFileReference; lastKnownFileType = sourcecode.swift; path = SceneDelegate.swift; sourceTree = "<group>"; };
		DD43E8CA270B4A2300699DA1 /* Assets.xcassets */ = {isa = PBXFileReference; lastKnownFileType = folder.assetcatalog; path = Assets.xcassets; sourceTree = "<group>"; };
		DD43E8CD270B4A2300699DA1 /* Base */ = {isa = PBXFileReference; lastKnownFileType = file.storyboard; name = Base; path = Base.lproj/LaunchScreen.storyboard; sourceTree = "<group>"; };
		DD43E8CF270B4A2300699DA1 /* Info.plist */ = {isa = PBXFileReference; lastKnownFileType = text.plist.xml; path = Info.plist; sourceTree = "<group>"; };
		DD43E8DE270B4C0100699DA1 /* Colors.xcassets */ = {isa = PBXFileReference; lastKnownFileType = folder.assetcatalog; path = Colors.xcassets; sourceTree = "<group>"; };
		DD43E8E0270B4E3500699DA1 /* MomoBaseTextField.swift */ = {isa = PBXFileReference; lastKnownFileType = sourcecode.swift; path = MomoBaseTextField.swift; sourceTree = "<group>"; };
		DD43E8E2270B4E5100699DA1 /* MomoBaseSearchField.swift */ = {isa = PBXFileReference; lastKnownFileType = sourcecode.swift; path = MomoBaseSearchField.swift; sourceTree = "<group>"; };
/* End PBXFileReference section */

/* Begin PBXFrameworksBuildPhase section */
		DD43E8BB270B4A2100699DA1 /* Frameworks */ = {
			isa = PBXFrameworksBuildPhase;
			buildActionMask = 2147483647;
			files = (
				E5AEEE5EE5BE7080E58DC45F /* Pods_MOMO.framework in Frameworks */,
			);
			runOnlyForDeploymentPostprocessing = 0;
		};
/* End PBXFrameworksBuildPhase section */

/* Begin PBXGroup section */
		1A48E098BDF0D1708965173C /* Frameworks */ = {
			isa = PBXGroup;
			children = (
				0E3E239EA198ECAB6A5204F0 /* Pods_MOMO.framework */,
			);
			name = Frameworks;
			sourceTree = "<group>";
		};
		4511B2DE3F3AA173043E038C /* Pods */ = {
			isa = PBXGroup;
			children = (
				7166B2829692EE80AFDADF89 /* Pods-MOMO.debug.xcconfig */,
				9ECECA8F5D7E1DE00DD1437D /* Pods-MOMO.release.xcconfig */,
			);
			path = Pods;
			sourceTree = "<group>";
		};
		DD1356FB270B53C4003BAB4A /* Generated */ = {
			isa = PBXGroup;
			children = (
				DD135700270B5E53003BAB4A /* XCAssets+Generated.swift */,
			);
			name = Generated;
			path = MOMO/Support/Generated;
			sourceTree = SOURCE_ROOT;
			usesTabs = 0;
		};
		DD1C24FD2752762B00CDD64F /* InputOption */ = {
			isa = PBXGroup;
			children = (
				DD1C24FE2752765300CDD64F /* DiaryInputOption.storyboard */,
				DD1C2500275276B200CDD64F /* DiaryInputOptionViewController.swift */,
			);
			path = InputOption;
			sourceTree = "<group>";
		};
		DD1C25022752FBA700CDD64F /* Questions */ = {
			isa = PBXGroup;
			children = (
				DD1C250F275305ED00CDD64F /* Detail */,
				DD1C250E275305E800CDD64F /* Create */,
				DD1C250D275305C500CDD64F /* Main */,
			);
			path = Questions;
			sourceTree = "<group>";
		};
		DD1C250D275305C500CDD64F /* Main */ = {
			isa = PBXGroup;
			children = (
				DD1C25052752FD1F00CDD64F /* QuestionsMain.storyboard */,
				DD1C250B275305C100CDD64F /* QuestionsMainViewController.swift */,
				DD1C251027530D8D00CDD64F /* QuestionTableViewCell.swift */,
				DD1C251227530E4100CDD64F /* QuestionTableViewCell.xib */,
			);
			path = Main;
			sourceTree = "<group>";
		};
		DD1C250E275305E800CDD64F /* Create */ = {
			isa = PBXGroup;
			children = (
				DD1C25072752FD2700CDD64F /* CreateQuestion.storyboard */,
				DD1C25142753179300CDD64F /* CreateQuestionViewController.swift */,
			);
			path = Create;
			sourceTree = "<group>";
		};
		DD1C250F275305ED00CDD64F /* Detail */ = {
			isa = PBXGroup;
			children = (
				DD1C25092752FD3200CDD64F /* QuetsionDetail.storyboard */,
			);
			path = Detail;
			sourceTree = "<group>";
		};
		DD1CF2682740FE71007F6C9B /* Main */ = {
			isa = PBXGroup;
			children = (
				DD1CF2642740FE37007F6C9B /* DiaryMain.storyboard */,
				DD1CF2622740FDB3007F6C9B /* DiaryMainViewController.swift */,
			);
			path = Main;
			sourceTree = "<group>";
		};
		DD1CF2692740FE84007F6C9B /* Report */ = {
			isa = PBXGroup;
			children = (
				DD1CF25E2740FD89007F6C9B /* DiaryReport.storyboard */,
				DD1CF2662740FE68007F6C9B /* DiaryReportViewController.swift */,
			);
			path = Report;
			sourceTree = "<group>";
		};
		DD1CF26A274101FE007F6C9B /* CreateDiary */ = {
			isa = PBXGroup;
			children = (
				DD1CF26C27410213007F6C9B /* WithText */,
				DD1CF26B27410208007F6C9B /* WithVoice */,
				DD1CF27427410511007F6C9B /* CreateDiaryViewController.swift */,
				DD1CF2762741051D007F6C9B /* CreateDiary.storyboard */,
			);
			path = CreateDiary;
			sourceTree = "<group>";
		};
		DD1CF26B27410208007F6C9B /* WithVoice */ = {
			isa = PBXGroup;
			children = (
			);
			path = WithVoice;
			sourceTree = "<group>";
		};
		DD1CF26C27410213007F6C9B /* WithText */ = {
			isa = PBXGroup;
			children = (
				DD1CF2782741052C007F6C9B /* WithText.storyboard */,
				DD1C24F727518C0700CDD64F /* WithTextViewController.swift */,
				DD1C24F927518C9900CDD64F /* WithTextCollectionViewCell.swift */,
				DD1C24FB2751935700CDD64F /* WithTextCollectionViewCell.xib */,
			);
			path = WithText;
			sourceTree = "<group>";
		};
		DD1CF2712741033C007F6C9B /* Detail */ = {
			isa = PBXGroup;
			children = (
				DD1CF2722741034A007F6C9B /* DiaryDetailViewController.swift */,
			);
			path = Detail;
			sourceTree = "<group>";
		};
		DD43E8B5270B4A2100699DA1 = {
			isa = PBXGroup;
			children = (
				DD1356F9270B526A003BAB4A /* swiftgen.yml */,
				DD43E8C0270B4A2100699DA1 /* MOMO */,
				DD43E8BF270B4A2100699DA1 /* Products */,
				4511B2DE3F3AA173043E038C /* Pods */,
				1A48E098BDF0D1708965173C /* Frameworks */,
			);
			sourceTree = "<group>";
		};
		DD43E8BF270B4A2100699DA1 /* Products */ = {
			isa = PBXGroup;
			children = (
				DD43E8BE270B4A2100699DA1 /* MOMO.app */,
			);
			name = Products;
			sourceTree = "<group>";
		};
		DD43E8C0270B4A2100699DA1 /* MOMO */ = {
			isa = PBXGroup;
			children = (
				DD43E8D7270B4B0600699DA1 /* Global */,
				DD43E8D6270B4AC800699DA1 /* Screen */,
				DD43E8D5270B4A3A00699DA1 /* Support */,
			);
			path = MOMO;
			sourceTree = "<group>";
		};
		DD43E8D5270B4A3A00699DA1 /* Support */ = {
			isa = PBXGroup;
			children = (
				DD1356FB270B53C4003BAB4A /* Generated */,
				DD43E8C3270B4A2100699DA1 /* SceneDelegate.swift */,
				DD43E8C1270B4A2100699DA1 /* AppDelegate.swift */,
				DD43E8CC270B4A2300699DA1 /* LaunchScreen.storyboard */,
				DD43E8CA270B4A2300699DA1 /* Assets.xcassets */,
				DD43E8DE270B4C0100699DA1 /* Colors.xcassets */,
				DD43E8CF270B4A2300699DA1 /* Info.plist */,
			);
			name = Support;
			path = MOMO/Support;
			sourceTree = SOURCE_ROOT;
		};
		DD43E8D6270B4AC800699DA1 /* Screen */ = {
			isa = PBXGroup;
			children = (
				DD43E8EA270B4F2600699DA1 /* MyInfo */,
				DD43E8E9270B4F0E00699DA1 /* Community */,
				DD43E8E8270B4EFC00699DA1 /* Policy */,
				DD43E8E7270B4EE100699DA1 /* Diary */,
				DD43E8E6270B4ECB00699DA1 /* Tabs */,
				DD43E8E5270B4EBE00699DA1 /* Home */,
				DD43E8E4270B4EA700699DA1 /* Login */,
			);
			path = Screen;
			sourceTree = "<group>";
		};
		DD43E8D7270B4B0600699DA1 /* Global */ = {
			isa = PBXGroup;
			children = (
				DD43E8DD270B4B7700699DA1 /* Service */,
				DD43E8DB270B4B6800699DA1 /* Protocol */,
				DD43E8DA270B4B5C00699DA1 /* Model */,
				DD43E8D9270B4B4D00699DA1 /* Custom */,
				DD43E8D8270B4B3600699DA1 /* Extension */,
			);
			path = Global;
			sourceTree = "<group>";
		};
		DD43E8D8270B4B3600699DA1 /* Extension */ = {
			isa = PBXGroup;
			children = (
			);
			path = Extension;
			sourceTree = "<group>";
		};
		DD43E8D9270B4B4D00699DA1 /* Custom */ = {
			isa = PBXGroup;
			children = (
				DD43E8E0270B4E3500699DA1 /* MomoBaseTextField.swift */,
				DD43E8E2270B4E5100699DA1 /* MomoBaseSearchField.swift */,
				DD1C25182753215800CDD64F /* XCAssetTypeAlias.swift */,
			);
			path = Custom;
			sourceTree = "<group>";
		};
		DD43E8DA270B4B5C00699DA1 /* Model */ = {
			isa = PBXGroup;
			children = (
			);
			path = Model;
			sourceTree = "<group>";
		};
		DD43E8DB270B4B6800699DA1 /* Protocol */ = {
			isa = PBXGroup;
			children = (
				28FEC6332712C11A00C10B32 /* StoryboardInstantiable.swift */,
				28FEC6352712C15B00C10B32 /* NibInstantiatable.swift */,
			);
			path = Protocol;
			sourceTree = "<group>";
		};
		DD43E8DD270B4B7700699DA1 /* Service */ = {
			isa = PBXGroup;
			children = (
			);
			path = Service;
			sourceTree = "<group>";
		};
		DD43E8E4270B4EA700699DA1 /* Login */ = {
			isa = PBXGroup;
			children = (
			);
			path = Login;
			sourceTree = "<group>";
		};
		DD43E8E5270B4EBE00699DA1 /* Home */ = {
			isa = PBXGroup;
			children = (
			);
			path = Home;
			sourceTree = "<group>";
		};
		DD43E8E6270B4ECB00699DA1 /* Tabs */ = {
			isa = PBXGroup;
			children = (
			);
			path = Tabs;
			sourceTree = "<group>";
		};
		DD43E8E7270B4EE100699DA1 /* Diary */ = {
			isa = PBXGroup;
			children = (
				DD1C24FD2752762B00CDD64F /* InputOption */,
				DD1CF2712741033C007F6C9B /* Detail */,
				DD1CF26A274101FE007F6C9B /* CreateDiary */,
				DD1CF2692740FE84007F6C9B /* Report */,
				DD1CF2682740FE71007F6C9B /* Main */,
			);
			path = Diary;
			sourceTree = "<group>";
		};
		DD43E8E8270B4EFC00699DA1 /* Policy */ = {
			isa = PBXGroup;
			children = (
			);
			path = Policy;
			sourceTree = "<group>";
		};
		DD43E8E9270B4F0E00699DA1 /* Community */ = {
			isa = PBXGroup;
			children = (
				DD1C25022752FBA700CDD64F /* Questions */,
			);
			path = Community;
			sourceTree = "<group>";
		};
		DD43E8EA270B4F2600699DA1 /* MyInfo */ = {
			isa = PBXGroup;
			children = (
			);
			path = MyInfo;
			sourceTree = "<group>";
		};
/* End PBXGroup section */

/* Begin PBXNativeTarget section */
		DD43E8BD270B4A2100699DA1 /* MOMO */ = {
			isa = PBXNativeTarget;
			buildConfigurationList = DD43E8D2270B4A2300699DA1 /* Build configuration list for PBXNativeTarget "MOMO" */;
			buildPhases = (
				74F9352C06DF4D937215FC7D /* [CP] Check Pods Manifest.lock */,
				DD43E8BA270B4A2100699DA1 /* Sources */,
				DD43E8BB270B4A2100699DA1 /* Frameworks */,
				DD43E8BC270B4A2100699DA1 /* Resources */,
				DD1356F8270B51B8003BAB4A /* ShellScript */,
				66291D49E112614512CA3A39 /* [CP] Embed Pods Frameworks */,
			);
			buildRules = (
			);
			dependencies = (
			);
			name = MOMO;
			productName = MOMO;
			productReference = DD43E8BE270B4A2100699DA1 /* MOMO.app */;
			productType = "com.apple.product-type.application";
		};
/* End PBXNativeTarget section */

/* Begin PBXProject section */
		DD43E8B6270B4A2100699DA1 /* Project object */ = {
			isa = PBXProject;
			attributes = {
				LastSwiftUpdateCheck = 1250;
				LastUpgradeCheck = 1250;
				TargetAttributes = {
					DD43E8BD270B4A2100699DA1 = {
						CreatedOnToolsVersion = 12.5;
					};
				};
			};
			buildConfigurationList = DD43E8B9270B4A2100699DA1 /* Build configuration list for PBXProject "MOMO" */;
			compatibilityVersion = "Xcode 9.3";
			developmentRegion = en;
			hasScannedForEncodings = 0;
			knownRegions = (
				en,
				Base,
			);
			mainGroup = DD43E8B5270B4A2100699DA1;
			productRefGroup = DD43E8BF270B4A2100699DA1 /* Products */;
			projectDirPath = "";
			projectRoot = "";
			targets = (
				DD43E8BD270B4A2100699DA1 /* MOMO */,
			);
		};
/* End PBXProject section */

/* Begin PBXResourcesBuildPhase section */
		DD43E8BC270B4A2100699DA1 /* Resources */ = {
			isa = PBXResourcesBuildPhase;
			buildActionMask = 2147483647;
			files = (
				DD1C25082752FD2700CDD64F /* CreateQuestion.storyboard in Resources */,
				DD1CF2772741051D007F6C9B /* CreateDiary.storyboard in Resources */,
				DD43E8CE270B4A2300699DA1 /* LaunchScreen.storyboard in Resources */,
				DD1C24FF2752765300CDD64F /* DiaryInputOption.storyboard in Resources */,
				DD1C25062752FD1F00CDD64F /* QuestionsMain.storyboard in Resources */,
				DD1C251327530E4100CDD64F /* QuestionTableViewCell.xib in Resources */,
				DD1CF2652740FE37007F6C9B /* DiaryMain.storyboard in Resources */,
				DD1CF2792741052C007F6C9B /* WithText.storyboard in Resources */,
				DD1C24FC2751935700CDD64F /* WithTextCollectionViewCell.xib in Resources */,
				DD43E8DF270B4C0100699DA1 /* Colors.xcassets in Resources */,
				DD1C250A2752FD3200CDD64F /* QuetsionDetail.storyboard in Resources */,
				DD43E8CB270B4A2300699DA1 /* Assets.xcassets in Resources */,
				DD1CF25F2740FD89007F6C9B /* DiaryReport.storyboard in Resources */,
				DD1356FA270B526B003BAB4A /* swiftgen.yml in Resources */,
			);
			runOnlyForDeploymentPostprocessing = 0;
		};
/* End PBXResourcesBuildPhase section */

/* Begin PBXShellScriptBuildPhase section */
		66291D49E112614512CA3A39 /* [CP] Embed Pods Frameworks */ = {
			isa = PBXShellScriptBuildPhase;
			buildActionMask = 2147483647;
			files = (
			);
			inputFileListPaths = (
				"${PODS_ROOT}/Target Support Files/Pods-MOMO/Pods-MOMO-frameworks-${CONFIGURATION}-input-files.xcfilelist",
			);
			name = "[CP] Embed Pods Frameworks";
			outputFileListPaths = (
				"${PODS_ROOT}/Target Support Files/Pods-MOMO/Pods-MOMO-frameworks-${CONFIGURATION}-output-files.xcfilelist",
			);
			runOnlyForDeploymentPostprocessing = 0;
			shellPath = /bin/sh;
			shellScript = "\"${PODS_ROOT}/Target Support Files/Pods-MOMO/Pods-MOMO-frameworks.sh\"\n";
			showEnvVarsInLog = 0;
		};
		74F9352C06DF4D937215FC7D /* [CP] Check Pods Manifest.lock */ = {
			isa = PBXShellScriptBuildPhase;
			buildActionMask = 2147483647;
			files = (
			);
			inputFileListPaths = (
			);
			inputPaths = (
				"${PODS_PODFILE_DIR_PATH}/Podfile.lock",
				"${PODS_ROOT}/Manifest.lock",
			);
			name = "[CP] Check Pods Manifest.lock";
			outputFileListPaths = (
			);
			outputPaths = (
				"$(DERIVED_FILE_DIR)/Pods-MOMO-checkManifestLockResult.txt",
			);
			runOnlyForDeploymentPostprocessing = 0;
			shellPath = /bin/sh;
			shellScript = "diff \"${PODS_PODFILE_DIR_PATH}/Podfile.lock\" \"${PODS_ROOT}/Manifest.lock\" > /dev/null\nif [ $? != 0 ] ; then\n    # print error to STDERR\n    echo \"error: The sandbox is not in sync with the Podfile.lock. Run 'pod install' or update your CocoaPods installation.\" >&2\n    exit 1\nfi\n# This output is used by Xcode 'outputs' to avoid re-running this script phase.\necho \"SUCCESS\" > \"${SCRIPT_OUTPUT_FILE_0}\"\n";
			showEnvVarsInLog = 0;
		};
		DD1356F8270B51B8003BAB4A /* ShellScript */ = {
			isa = PBXShellScriptBuildPhase;
			buildActionMask = 2147483647;
			files = (
			);
			inputFileListPaths = (
			);
			inputPaths = (
			);
			outputFileListPaths = (
			);
			outputPaths = (
			);
			runOnlyForDeploymentPostprocessing = 0;
			shellPath = /bin/sh;
			shellScript = "if [[ -f \"${PODS_ROOT}/SwiftGen/bin/swiftgen\" ]]; then\n  \"${PODS_ROOT}/SwiftGen/bin/swiftgen\"\nelse\n  echo \"warning: SwiftGen is not installed. Run 'pod install --repo-update' to install it.\"\nfi \n";
		};
/* End PBXShellScriptBuildPhase section */

/* Begin PBXSourcesBuildPhase section */
		DD43E8BA270B4A2100699DA1 /* Sources */ = {
			isa = PBXSourcesBuildPhase;
			buildActionMask = 2147483647;
			files = (
				DD1C24FA27518C9900CDD64F /* WithTextCollectionViewCell.swift in Sources */,
				DD1C251127530D8E00CDD64F /* QuestionTableViewCell.swift in Sources */,
				DD135701270B5E53003BAB4A /* XCAssets+Generated.swift in Sources */,
				DD1CF2672740FE68007F6C9B /* DiaryReportViewController.swift in Sources */,
				DD43E8C2270B4A2100699DA1 /* AppDelegate.swift in Sources */,
				DD1C24F827518C0700CDD64F /* WithTextViewController.swift in Sources */,
				DD43E8E3270B4E5100699DA1 /* MomoBaseSearchField.swift in Sources */,
				DD43E8C4270B4A2100699DA1 /* SceneDelegate.swift in Sources */,
				28FEC6342712C11A00C10B32 /* StoryboardInstantiable.swift in Sources */,
				DD1C25152753179300CDD64F /* CreateQuestionViewController.swift in Sources */,
				DD1C250C275305C100CDD64F /* QuestionsMainViewController.swift in Sources */,
				DD43E8E1270B4E3500699DA1 /* MomoBaseTextField.swift in Sources */,
				28FEC6362712C15B00C10B32 /* NibInstantiatable.swift in Sources */,
				DD1C2501275276B200CDD64F /* DiaryInputOptionViewController.swift in Sources */,
				DD1CF2632740FDB3007F6C9B /* DiaryMainViewController.swift in Sources */,
				DD1CF2732741034A007F6C9B /* DiaryDetailViewController.swift in Sources */,
				DD1C25192753215800CDD64F /* XCAssetTypeAlias.swift in Sources */,
				DD1CF27527410511007F6C9B /* CreateDiaryViewController.swift in Sources */,
			);
			runOnlyForDeploymentPostprocessing = 0;
		};
/* End PBXSourcesBuildPhase section */

/* Begin PBXVariantGroup section */
		DD43E8CC270B4A2300699DA1 /* LaunchScreen.storyboard */ = {
			isa = PBXVariantGroup;
			children = (
				DD43E8CD270B4A2300699DA1 /* Base */,
			);
			name = LaunchScreen.storyboard;
			sourceTree = "<group>";
		};
/* End PBXVariantGroup section */

/* Begin XCBuildConfiguration section */
		DD43E8D0270B4A2300699DA1 /* Debug */ = {
			isa = XCBuildConfiguration;
			buildSettings = {
				ALWAYS_SEARCH_USER_PATHS = NO;
				CLANG_ANALYZER_NONNULL = YES;
				CLANG_ANALYZER_NUMBER_OBJECT_CONVERSION = YES_AGGRESSIVE;
				CLANG_CXX_LANGUAGE_STANDARD = "gnu++14";
				CLANG_CXX_LIBRARY = "libc++";
				CLANG_ENABLE_MODULES = YES;
				CLANG_ENABLE_OBJC_ARC = YES;
				CLANG_ENABLE_OBJC_WEAK = YES;
				CLANG_WARN_BLOCK_CAPTURE_AUTORELEASING = YES;
				CLANG_WARN_BOOL_CONVERSION = YES;
				CLANG_WARN_COMMA = YES;
				CLANG_WARN_CONSTANT_CONVERSION = YES;
				CLANG_WARN_DEPRECATED_OBJC_IMPLEMENTATIONS = YES;
				CLANG_WARN_DIRECT_OBJC_ISA_USAGE = YES_ERROR;
				CLANG_WARN_DOCUMENTATION_COMMENTS = YES;
				CLANG_WARN_EMPTY_BODY = YES;
				CLANG_WARN_ENUM_CONVERSION = YES;
				CLANG_WARN_INFINITE_RECURSION = YES;
				CLANG_WARN_INT_CONVERSION = YES;
				CLANG_WARN_NON_LITERAL_NULL_CONVERSION = YES;
				CLANG_WARN_OBJC_IMPLICIT_RETAIN_SELF = YES;
				CLANG_WARN_OBJC_LITERAL_CONVERSION = YES;
				CLANG_WARN_OBJC_ROOT_CLASS = YES_ERROR;
				CLANG_WARN_QUOTED_INCLUDE_IN_FRAMEWORK_HEADER = YES;
				CLANG_WARN_RANGE_LOOP_ANALYSIS = YES;
				CLANG_WARN_STRICT_PROTOTYPES = YES;
				CLANG_WARN_SUSPICIOUS_MOVE = YES;
				CLANG_WARN_UNGUARDED_AVAILABILITY = YES_AGGRESSIVE;
				CLANG_WARN_UNREACHABLE_CODE = YES;
				CLANG_WARN__DUPLICATE_METHOD_MATCH = YES;
				COPY_PHASE_STRIP = NO;
				DEBUG_INFORMATION_FORMAT = dwarf;
				ENABLE_STRICT_OBJC_MSGSEND = YES;
				ENABLE_TESTABILITY = YES;
				GCC_C_LANGUAGE_STANDARD = gnu11;
				GCC_DYNAMIC_NO_PIC = NO;
				GCC_NO_COMMON_BLOCKS = YES;
				GCC_OPTIMIZATION_LEVEL = 0;
				GCC_PREPROCESSOR_DEFINITIONS = (
					"DEBUG=1",
					"$(inherited)",
				);
				GCC_WARN_64_TO_32_BIT_CONVERSION = YES;
				GCC_WARN_ABOUT_RETURN_TYPE = YES_ERROR;
				GCC_WARN_UNDECLARED_SELECTOR = YES;
				GCC_WARN_UNINITIALIZED_AUTOS = YES_AGGRESSIVE;
				GCC_WARN_UNUSED_FUNCTION = YES;
				GCC_WARN_UNUSED_VARIABLE = YES;
				IPHONEOS_DEPLOYMENT_TARGET = 14.5;
				MTL_ENABLE_DEBUG_INFO = INCLUDE_SOURCE;
				MTL_FAST_MATH = YES;
				ONLY_ACTIVE_ARCH = YES;
				SDKROOT = iphoneos;
				SWIFT_ACTIVE_COMPILATION_CONDITIONS = DEBUG;
				SWIFT_OPTIMIZATION_LEVEL = "-Onone";
			};
			name = Debug;
		};
		DD43E8D1270B4A2300699DA1 /* Release */ = {
			isa = XCBuildConfiguration;
			buildSettings = {
				ALWAYS_SEARCH_USER_PATHS = NO;
				CLANG_ANALYZER_NONNULL = YES;
				CLANG_ANALYZER_NUMBER_OBJECT_CONVERSION = YES_AGGRESSIVE;
				CLANG_CXX_LANGUAGE_STANDARD = "gnu++14";
				CLANG_CXX_LIBRARY = "libc++";
				CLANG_ENABLE_MODULES = YES;
				CLANG_ENABLE_OBJC_ARC = YES;
				CLANG_ENABLE_OBJC_WEAK = YES;
				CLANG_WARN_BLOCK_CAPTURE_AUTORELEASING = YES;
				CLANG_WARN_BOOL_CONVERSION = YES;
				CLANG_WARN_COMMA = YES;
				CLANG_WARN_CONSTANT_CONVERSION = YES;
				CLANG_WARN_DEPRECATED_OBJC_IMPLEMENTATIONS = YES;
				CLANG_WARN_DIRECT_OBJC_ISA_USAGE = YES_ERROR;
				CLANG_WARN_DOCUMENTATION_COMMENTS = YES;
				CLANG_WARN_EMPTY_BODY = YES;
				CLANG_WARN_ENUM_CONVERSION = YES;
				CLANG_WARN_INFINITE_RECURSION = YES;
				CLANG_WARN_INT_CONVERSION = YES;
				CLANG_WARN_NON_LITERAL_NULL_CONVERSION = YES;
				CLANG_WARN_OBJC_IMPLICIT_RETAIN_SELF = YES;
				CLANG_WARN_OBJC_LITERAL_CONVERSION = YES;
				CLANG_WARN_OBJC_ROOT_CLASS = YES_ERROR;
				CLANG_WARN_QUOTED_INCLUDE_IN_FRAMEWORK_HEADER = YES;
				CLANG_WARN_RANGE_LOOP_ANALYSIS = YES;
				CLANG_WARN_STRICT_PROTOTYPES = YES;
				CLANG_WARN_SUSPICIOUS_MOVE = YES;
				CLANG_WARN_UNGUARDED_AVAILABILITY = YES_AGGRESSIVE;
				CLANG_WARN_UNREACHABLE_CODE = YES;
				CLANG_WARN__DUPLICATE_METHOD_MATCH = YES;
				COPY_PHASE_STRIP = NO;
				DEBUG_INFORMATION_FORMAT = "dwarf-with-dsym";
				ENABLE_NS_ASSERTIONS = NO;
				ENABLE_STRICT_OBJC_MSGSEND = YES;
				GCC_C_LANGUAGE_STANDARD = gnu11;
				GCC_NO_COMMON_BLOCKS = YES;
				GCC_WARN_64_TO_32_BIT_CONVERSION = YES;
				GCC_WARN_ABOUT_RETURN_TYPE = YES_ERROR;
				GCC_WARN_UNDECLARED_SELECTOR = YES;
				GCC_WARN_UNINITIALIZED_AUTOS = YES_AGGRESSIVE;
				GCC_WARN_UNUSED_FUNCTION = YES;
				GCC_WARN_UNUSED_VARIABLE = YES;
				IPHONEOS_DEPLOYMENT_TARGET = 14.5;
				MTL_ENABLE_DEBUG_INFO = NO;
				MTL_FAST_MATH = YES;
				SDKROOT = iphoneos;
				SWIFT_COMPILATION_MODE = wholemodule;
				SWIFT_OPTIMIZATION_LEVEL = "-O";
				VALIDATE_PRODUCT = YES;
			};
			name = Release;
		};
		DD43E8D3270B4A2300699DA1 /* Debug */ = {
			isa = XCBuildConfiguration;
			baseConfigurationReference = 7166B2829692EE80AFDADF89 /* Pods-MOMO.debug.xcconfig */;
			buildSettings = {
				ASSETCATALOG_COMPILER_APPICON_NAME = AppIcon;
				ASSETCATALOG_COMPILER_GLOBAL_ACCENT_COLOR_NAME = AccentColor;
				CODE_SIGN_STYLE = Automatic;
				INFOPLIST_FILE = MOMO/Support/Info.plist;
				IPHONEOS_DEPLOYMENT_TARGET = 13.0;
				LD_RUNPATH_SEARCH_PATHS = (
					"$(inherited)",
					"@executable_path/Frameworks",
				);
				PRODUCT_BUNDLE_IDENTIFIER = net.momstouch.MOMO;
				PRODUCT_NAME = "$(TARGET_NAME)";
				SWIFT_VERSION = 5.0;
				TARGETED_DEVICE_FAMILY = 1;
			};
			name = Debug;
		};
		DD43E8D4270B4A2300699DA1 /* Release */ = {
			isa = XCBuildConfiguration;
			baseConfigurationReference = 9ECECA8F5D7E1DE00DD1437D /* Pods-MOMO.release.xcconfig */;
			buildSettings = {
				ASSETCATALOG_COMPILER_APPICON_NAME = AppIcon;
				ASSETCATALOG_COMPILER_GLOBAL_ACCENT_COLOR_NAME = AccentColor;
				CODE_SIGN_STYLE = Automatic;
				INFOPLIST_FILE = MOMO/Support/Info.plist;
				IPHONEOS_DEPLOYMENT_TARGET = 13.0;
				LD_RUNPATH_SEARCH_PATHS = (
					"$(inherited)",
					"@executable_path/Frameworks",
				);
				PRODUCT_BUNDLE_IDENTIFIER = net.momstouch.MOMO;
				PRODUCT_NAME = "$(TARGET_NAME)";
				SWIFT_VERSION = 5.0;
				TARGETED_DEVICE_FAMILY = 1;
			};
			name = Release;
		};
/* End XCBuildConfiguration section */

/* Begin XCConfigurationList section */
		DD43E8B9270B4A2100699DA1 /* Build configuration list for PBXProject "MOMO" */ = {
			isa = XCConfigurationList;
			buildConfigurations = (
				DD43E8D0270B4A2300699DA1 /* Debug */,
				DD43E8D1270B4A2300699DA1 /* Release */,
			);
			defaultConfigurationIsVisible = 0;
			defaultConfigurationName = Release;
		};
		DD43E8D2270B4A2300699DA1 /* Build configuration list for PBXNativeTarget "MOMO" */ = {
			isa = XCConfigurationList;
			buildConfigurations = (
				DD43E8D3270B4A2300699DA1 /* Debug */,
				DD43E8D4270B4A2300699DA1 /* Release */,
			);
			defaultConfigurationIsVisible = 0;
			defaultConfigurationName = Release;
		};
/* End XCConfigurationList section */
	};
	rootObject = DD43E8B6270B4A2100699DA1 /* Project object */;
}
